// !$*UTF8*$!
{
	archiveVersion = 1;
	classes = {
	};
	objectVersion = 55;
	objects = {

/* Begin PBXBuildFile section */
		4F956D0E289A5EA4003BDF1A /* Trie.swift in Sources */ = {isa = PBXBuildFile; fileRef = 4F956D0D289A5EA4003BDF1A /* Trie.swift */; };
		4F956D0F289A5EA4003BDF1A /* Trie.swift in Sources */ = {isa = PBXBuildFile; fileRef = 4F956D0D289A5EA4003BDF1A /* Trie.swift */; };
		4F956D11289B582E003BDF1A /* CoinChange.swift in Sources */ = {isa = PBXBuildFile; fileRef = 4F956D10289B582E003BDF1A /* CoinChange.swift */; };
		4F956D12289B582E003BDF1A /* CoinChange.swift in Sources */ = {isa = PBXBuildFile; fileRef = 4F956D10289B582E003BDF1A /* CoinChange.swift */; };
		4F956D14289B8122003BDF1A /* productExceptSelf.swift in Sources */ = {isa = PBXBuildFile; fileRef = 4F956D13289B8122003BDF1A /* productExceptSelf.swift */; };
		4F956D15289B8122003BDF1A /* productExceptSelf.swift in Sources */ = {isa = PBXBuildFile; fileRef = 4F956D13289B8122003BDF1A /* productExceptSelf.swift */; };
		BCEC2D192894FBB6002B1F74 /* main.swift in Sources */ = {isa = PBXBuildFile; fileRef = BCEC2D182894FBB6002B1F74 /* main.swift */; };
		BCEC2D262894FC00002B1F74 /* AlgoTests.swift in Sources */ = {isa = PBXBuildFile; fileRef = BCEC2D252894FC00002B1F74 /* AlgoTests.swift */; };
		BCEC2D2B2894FC42002B1F74 /* RunningSum.swift in Sources */ = {isa = PBXBuildFile; fileRef = BCEC2D2A2894FC42002B1F74 /* RunningSum.swift */; };
		BCEC2D2C2894FC42002B1F74 /* RunningSum.swift in Sources */ = {isa = PBXBuildFile; fileRef = BCEC2D2A2894FC42002B1F74 /* RunningSum.swift */; };
		BCEC2D2E289500AF002B1F74 /* pivotIndex.swift in Sources */ = {isa = PBXBuildFile; fileRef = BCEC2D2D289500AF002B1F74 /* pivotIndex.swift */; };
		BCEC2D2F289500AF002B1F74 /* pivotIndex.swift in Sources */ = {isa = PBXBuildFile; fileRef = BCEC2D2D289500AF002B1F74 /* pivotIndex.swift */; };
		BCEC2D3128950A64002B1F74 /* isIsomorphic.swift in Sources */ = {isa = PBXBuildFile; fileRef = BCEC2D3028950A64002B1F74 /* isIsomorphic.swift */; };
		BCEC2D3228950A64002B1F74 /* isIsomorphic.swift in Sources */ = {isa = PBXBuildFile; fileRef = BCEC2D3028950A64002B1F74 /* isIsomorphic.swift */; };
		BCEC2D34289513C2002B1F74 /* isSubsquence.swift in Sources */ = {isa = PBXBuildFile; fileRef = BCEC2D33289513C2002B1F74 /* isSubsquence.swift */; };
		BCEC2D35289513C2002B1F74 /* isSubsquence.swift in Sources */ = {isa = PBXBuildFile; fileRef = BCEC2D33289513C2002B1F74 /* isSubsquence.swift */; };
		BCEC2D37289518EE002B1F74 /* MergeTwoSortedLists.swift in Sources */ = {isa = PBXBuildFile; fileRef = BCEC2D36289518EE002B1F74 /* MergeTwoSortedLists.swift */; };
		BCEC2D38289518EE002B1F74 /* MergeTwoSortedLists.swift in Sources */ = {isa = PBXBuildFile; fileRef = BCEC2D36289518EE002B1F74 /* MergeTwoSortedLists.swift */; };
		BCEC2D3A28951903002B1F74 /* ListNode.swift in Sources */ = {isa = PBXBuildFile; fileRef = BCEC2D3928951903002B1F74 /* ListNode.swift */; };
		BCEC2D3B28951903002B1F74 /* ListNode.swift in Sources */ = {isa = PBXBuildFile; fileRef = BCEC2D3928951903002B1F74 /* ListNode.swift */; };
		BCEC2D3D28952765002B1F74 /* reverseList.swift in Sources */ = {isa = PBXBuildFile; fileRef = BCEC2D3C28952765002B1F74 /* reverseList.swift */; };
		BCEC2D3E28952765002B1F74 /* reverseList.swift in Sources */ = {isa = PBXBuildFile; fileRef = BCEC2D3C28952765002B1F74 /* reverseList.swift */; };
		BCEC2D4028963A8E002B1F74 /* middleNode.swift in Sources */ = {isa = PBXBuildFile; fileRef = BCEC2D3F28963A8E002B1F74 /* middleNode.swift */; };
		BCEC2D4128963A8E002B1F74 /* middleNode.swift in Sources */ = {isa = PBXBuildFile; fileRef = BCEC2D3F28963A8E002B1F74 /* middleNode.swift */; };
		BCEC2D43289641DA002B1F74 /* detectCycle.swift in Sources */ = {isa = PBXBuildFile; fileRef = BCEC2D42289641DA002B1F74 /* detectCycle.swift */; };
		BCEC2D44289641DA002B1F74 /* detectCycle.swift in Sources */ = {isa = PBXBuildFile; fileRef = BCEC2D42289641DA002B1F74 /* detectCycle.swift */; };
		BCEC2D46289653DE002B1F74 /* maxProfit.swift in Sources */ = {isa = PBXBuildFile; fileRef = BCEC2D45289653DE002B1F74 /* maxProfit.swift */; };
		BCEC2D47289653DE002B1F74 /* maxProfit.swift in Sources */ = {isa = PBXBuildFile; fileRef = BCEC2D45289653DE002B1F74 /* maxProfit.swift */; };
		BCEC2D4928965983002B1F74 /* longestPalindrome.swift in Sources */ = {isa = PBXBuildFile; fileRef = BCEC2D4828965983002B1F74 /* longestPalindrome.swift */; };
		BCEC2D4A28965983002B1F74 /* longestPalindrome.swift in Sources */ = {isa = PBXBuildFile; fileRef = BCEC2D4828965983002B1F74 /* longestPalindrome.swift */; };
		BCEC2D4C28965FE0002B1F74 /* isBalanced.swift in Sources */ = {isa = PBXBuildFile; fileRef = BCEC2D4B28965FE0002B1F74 /* isBalanced.swift */; };
		BCEC2D4D28965FE0002B1F74 /* isBalanced.swift in Sources */ = {isa = PBXBuildFile; fileRef = BCEC2D4B28965FE0002B1F74 /* isBalanced.swift */; };
		BCEC2D4F28965FF6002B1F74 /* TreeNode.swift in Sources */ = {isa = PBXBuildFile; fileRef = BCEC2D4E28965FF6002B1F74 /* TreeNode.swift */; };
		BCEC2D5028965FF6002B1F74 /* TreeNode.swift in Sources */ = {isa = PBXBuildFile; fileRef = BCEC2D4E28965FF6002B1F74 /* TreeNode.swift */; };
		BCEC2D5228967B3D002B1F74 /* leastInterval.swift in Sources */ = {isa = PBXBuildFile; fileRef = BCEC2D5128967B3D002B1F74 /* leastInterval.swift */; };
		BCEC2D5328967B3D002B1F74 /* leastInterval.swift in Sources */ = {isa = PBXBuildFile; fileRef = BCEC2D5128967B3D002B1F74 /* leastInterval.swift */; };
		BCEC2D5528968631002B1F74 /* Heap.swift in Sources */ = {isa = PBXBuildFile; fileRef = BCEC2D5428968631002B1F74 /* Heap.swift */; };
		BCEC2D5628968631002B1F74 /* Heap.swift in Sources */ = {isa = PBXBuildFile; fileRef = BCEC2D5428968631002B1F74 /* Heap.swift */; };
		BCEC2D582897BCD9002B1F74 /* Insert Interval.swift in Sources */ = {isa = PBXBuildFile; fileRef = BCEC2D572897BCD9002B1F74 /* Insert Interval.swift */; };
		BCEC2D592897BCD9002B1F74 /* Insert Interval.swift in Sources */ = {isa = PBXBuildFile; fileRef = BCEC2D572897BCD9002B1F74 /* Insert Interval.swift */; };
		BCEC2D5B2897CD93002B1F74 /* updateMatrix.swift in Sources */ = {isa = PBXBuildFile; fileRef = BCEC2D5A2897CD93002B1F74 /* updateMatrix.swift */; };
		BCEC2D5C2897CD93002B1F74 /* updateMatrix.swift in Sources */ = {isa = PBXBuildFile; fileRef = BCEC2D5A2897CD93002B1F74 /* updateMatrix.swift */; };
		BCEC2D5E2897F28C002B1F74 /* kClosest.swift in Sources */ = {isa = PBXBuildFile; fileRef = BCEC2D5D2897F28C002B1F74 /* kClosest.swift */; };
		BCEC2D5F2897F28C002B1F74 /* kClosest.swift in Sources */ = {isa = PBXBuildFile; fileRef = BCEC2D5D2897F28C002B1F74 /* kClosest.swift */; };
		BCEC2D6128981217002B1F74 /* threeSum.swift in Sources */ = {isa = PBXBuildFile; fileRef = BCEC2D6028981217002B1F74 /* threeSum.swift */; };
		BCEC2D6228981217002B1F74 /* threeSum.swift in Sources */ = {isa = PBXBuildFile; fileRef = BCEC2D6028981217002B1F74 /* threeSum.swift */; };
/* End PBXBuildFile section */

/* Begin PBXCopyFilesBuildPhase section */
		BCEC2D132894FBB6002B1F74 /* CopyFiles */ = {
			isa = PBXCopyFilesBuildPhase;
			buildActionMask = 2147483647;
			dstPath = /usr/share/man/man1/;
			dstSubfolderSpec = 0;
			files = (
			);
			runOnlyForDeploymentPostprocessing = 1;
		};
/* End PBXCopyFilesBuildPhase section */

/* Begin PBXFileReference section */
		4F956D0D289A5EA4003BDF1A /* Trie.swift */ = {isa = PBXFileReference; lastKnownFileType = sourcecode.swift; path = Trie.swift; sourceTree = "<group>"; };
		4F956D10289B582E003BDF1A /* CoinChange.swift */ = {isa = PBXFileReference; lastKnownFileType = sourcecode.swift; path = CoinChange.swift; sourceTree = "<group>"; };
		4F956D13289B8122003BDF1A /* productExceptSelf.swift */ = {isa = PBXFileReference; lastKnownFileType = sourcecode.swift; path = productExceptSelf.swift; sourceTree = "<group>"; };
		BCEC2D152894FBB6002B1F74 /* Algorithm_S4 */ = {isa = PBXFileReference; explicitFileType = "compiled.mach-o.executable"; includeInIndex = 0; path = Algorithm_S4; sourceTree = BUILT_PRODUCTS_DIR; };
		BCEC2D182894FBB6002B1F74 /* main.swift */ = {isa = PBXFileReference; lastKnownFileType = sourcecode.swift; path = main.swift; sourceTree = "<group>"; };
		BCEC2D232894FC00002B1F74 /* AlgoTests.xctest */ = {isa = PBXFileReference; explicitFileType = wrapper.cfbundle; includeInIndex = 0; path = AlgoTests.xctest; sourceTree = BUILT_PRODUCTS_DIR; };
		BCEC2D252894FC00002B1F74 /* AlgoTests.swift */ = {isa = PBXFileReference; lastKnownFileType = sourcecode.swift; path = AlgoTests.swift; sourceTree = "<group>"; };
		BCEC2D2A2894FC42002B1F74 /* RunningSum.swift */ = {isa = PBXFileReference; lastKnownFileType = sourcecode.swift; path = RunningSum.swift; sourceTree = "<group>"; };
		BCEC2D2D289500AF002B1F74 /* pivotIndex.swift */ = {isa = PBXFileReference; lastKnownFileType = sourcecode.swift; path = pivotIndex.swift; sourceTree = "<group>"; };
		BCEC2D3028950A64002B1F74 /* isIsomorphic.swift */ = {isa = PBXFileReference; lastKnownFileType = sourcecode.swift; path = isIsomorphic.swift; sourceTree = "<group>"; };
		BCEC2D33289513C2002B1F74 /* isSubsquence.swift */ = {isa = PBXFileReference; lastKnownFileType = sourcecode.swift; path = isSubsquence.swift; sourceTree = "<group>"; };
		BCEC2D36289518EE002B1F74 /* MergeTwoSortedLists.swift */ = {isa = PBXFileReference; lastKnownFileType = sourcecode.swift; path = MergeTwoSortedLists.swift; sourceTree = "<group>"; };
		BCEC2D3928951903002B1F74 /* ListNode.swift */ = {isa = PBXFileReference; lastKnownFileType = sourcecode.swift; path = ListNode.swift; sourceTree = "<group>"; };
		BCEC2D3C28952765002B1F74 /* reverseList.swift */ = {isa = PBXFileReference; lastKnownFileType = sourcecode.swift; path = reverseList.swift; sourceTree = "<group>"; };
		BCEC2D3F28963A8E002B1F74 /* middleNode.swift */ = {isa = PBXFileReference; lastKnownFileType = sourcecode.swift; path = middleNode.swift; sourceTree = "<group>"; };
		BCEC2D42289641DA002B1F74 /* detectCycle.swift */ = {isa = PBXFileReference; lastKnownFileType = sourcecode.swift; path = detectCycle.swift; sourceTree = "<group>"; };
		BCEC2D45289653DE002B1F74 /* maxProfit.swift */ = {isa = PBXFileReference; lastKnownFileType = sourcecode.swift; path = maxProfit.swift; sourceTree = "<group>"; };
		BCEC2D4828965983002B1F74 /* longestPalindrome.swift */ = {isa = PBXFileReference; lastKnownFileType = sourcecode.swift; path = longestPalindrome.swift; sourceTree = "<group>"; };
		BCEC2D4B28965FE0002B1F74 /* isBalanced.swift */ = {isa = PBXFileReference; lastKnownFileType = sourcecode.swift; path = isBalanced.swift; sourceTree = "<group>"; };
		BCEC2D4E28965FF6002B1F74 /* TreeNode.swift */ = {isa = PBXFileReference; lastKnownFileType = sourcecode.swift; path = TreeNode.swift; sourceTree = "<group>"; };
		BCEC2D5128967B3D002B1F74 /* leastInterval.swift */ = {isa = PBXFileReference; lastKnownFileType = sourcecode.swift; path = leastInterval.swift; sourceTree = "<group>"; };
		BCEC2D5428968631002B1F74 /* Heap.swift */ = {isa = PBXFileReference; lastKnownFileType = sourcecode.swift; path = Heap.swift; sourceTree = "<group>"; };
		BCEC2D572897BCD9002B1F74 /* Insert Interval.swift */ = {isa = PBXFileReference; lastKnownFileType = sourcecode.swift; path = "Insert Interval.swift"; sourceTree = "<group>"; };
		BCEC2D5A2897CD93002B1F74 /* updateMatrix.swift */ = {isa = PBXFileReference; lastKnownFileType = sourcecode.swift; path = updateMatrix.swift; sourceTree = "<group>"; };
		BCEC2D5D2897F28C002B1F74 /* kClosest.swift */ = {isa = PBXFileReference; lastKnownFileType = sourcecode.swift; path = kClosest.swift; sourceTree = "<group>"; };
		BCEC2D6028981217002B1F74 /* threeSum.swift */ = {isa = PBXFileReference; lastKnownFileType = sourcecode.swift; path = threeSum.swift; sourceTree = "<group>"; };
/* End PBXFileReference section */

/* Begin PBXFrameworksBuildPhase section */
		BCEC2D122894FBB6002B1F74 /* Frameworks */ = {
			isa = PBXFrameworksBuildPhase;
			buildActionMask = 2147483647;
			files = (
			);
			runOnlyForDeploymentPostprocessing = 0;
		};
		BCEC2D202894FC00002B1F74 /* Frameworks */ = {
			isa = PBXFrameworksBuildPhase;
			buildActionMask = 2147483647;
			files = (
			);
			runOnlyForDeploymentPostprocessing = 0;
		};
/* End PBXFrameworksBuildPhase section */

/* Begin PBXGroup section */
		BCEC2D0C2894FBB6002B1F74 = {
			isa = PBXGroup;
			children = (
				BCEC2D172894FBB6002B1F74 /* Algorithm_S4 */,
				BCEC2D242894FC00002B1F74 /* AlgoTests */,
				BCEC2D162894FBB6002B1F74 /* Products */,
			);
			sourceTree = "<group>";
		};
		BCEC2D162894FBB6002B1F74 /* Products */ = {
			isa = PBXGroup;
			children = (
				BCEC2D152894FBB6002B1F74 /* Algorithm_S4 */,
				BCEC2D232894FC00002B1F74 /* AlgoTests.xctest */,
			);
			name = Products;
			sourceTree = "<group>";
		};
		BCEC2D172894FBB6002B1F74 /* Algorithm_S4 */ = {
			isa = PBXGroup;
			children = (
				BCEC2D182894FBB6002B1F74 /* main.swift */,
				BCEC2D2A2894FC42002B1F74 /* RunningSum.swift */,
				BCEC2D2D289500AF002B1F74 /* pivotIndex.swift */,
				BCEC2D3028950A64002B1F74 /* isIsomorphic.swift */,
				BCEC2D33289513C2002B1F74 /* isSubsquence.swift */,
				BCEC2D36289518EE002B1F74 /* MergeTwoSortedLists.swift */,
				BCEC2D3C28952765002B1F74 /* reverseList.swift */,
				BCEC2D3F28963A8E002B1F74 /* middleNode.swift */,
				BCEC2D42289641DA002B1F74 /* detectCycle.swift */,
				BCEC2D45289653DE002B1F74 /* maxProfit.swift */,
				BCEC2D4828965983002B1F74 /* longestPalindrome.swift */,
				BCEC2D4B28965FE0002B1F74 /* isBalanced.swift */,
				BCEC2D5128967B3D002B1F74 /* leastInterval.swift */,
				BCEC2D572897BCD9002B1F74 /* Insert Interval.swift */,
				BCEC2D5A2897CD93002B1F74 /* updateMatrix.swift */,
				BCEC2D6028981217002B1F74 /* threeSum.swift */,
				BCEC2D5D2897F28C002B1F74 /* kClosest.swift */,
				BCEC2D5428968631002B1F74 /* Heap.swift */,
				BCEC2D3928951903002B1F74 /* ListNode.swift */,
				4F956D0D289A5EA4003BDF1A /* Trie.swift */,
				4F956D10289B582E003BDF1A /* CoinChange.swift */,
				4F956D13289B8122003BDF1A /* productExceptSelf.swift */,
				BCEC2D4E28965FF6002B1F74 /* TreeNode.swift */,
			);
			path = Algorithm_S4;
			sourceTree = "<group>";
		};
		BCEC2D242894FC00002B1F74 /* AlgoTests */ = {
			isa = PBXGroup;
			children = (
				BCEC2D252894FC00002B1F74 /* AlgoTests.swift */,
			);
			path = AlgoTests;
			sourceTree = "<group>";
		};
/* End PBXGroup section */

/* Begin PBXNativeTarget section */
		BCEC2D142894FBB6002B1F74 /* Algorithm_S4 */ = {
			isa = PBXNativeTarget;
			buildConfigurationList = BCEC2D1C2894FBB6002B1F74 /* Build configuration list for PBXNativeTarget "Algorithm_S4" */;
			buildPhases = (
				BCEC2D112894FBB6002B1F74 /* Sources */,
				BCEC2D122894FBB6002B1F74 /* Frameworks */,
				BCEC2D132894FBB6002B1F74 /* CopyFiles */,
			);
			buildRules = (
			);
			dependencies = (
			);
			name = Algorithm_S4;
			productName = Algorithm_S4;
			productReference = BCEC2D152894FBB6002B1F74 /* Algorithm_S4 */;
			productType = "com.apple.product-type.tool";
		};
		BCEC2D222894FC00002B1F74 /* AlgoTests */ = {
			isa = PBXNativeTarget;
			buildConfigurationList = BCEC2D272894FC00002B1F74 /* Build configuration list for PBXNativeTarget "AlgoTests" */;
			buildPhases = (
				BCEC2D1F2894FC00002B1F74 /* Sources */,
				BCEC2D202894FC00002B1F74 /* Frameworks */,
				BCEC2D212894FC00002B1F74 /* Resources */,
			);
			buildRules = (
			);
			dependencies = (
			);
			name = AlgoTests;
			productName = AlgoTests;
			productReference = BCEC2D232894FC00002B1F74 /* AlgoTests.xctest */;
			productType = "com.apple.product-type.bundle.unit-test";
		};
/* End PBXNativeTarget section */

/* Begin PBXProject section */
		BCEC2D0D2894FBB6002B1F74 /* Project object */ = {
			isa = PBXProject;
			attributes = {
				BuildIndependentTargetsInParallel = 1;
				LastSwiftUpdateCheck = 1330;
				LastUpgradeCheck = 1340;
				TargetAttributes = {
					BCEC2D142894FBB6002B1F74 = {
						CreatedOnToolsVersion = 13.3;
					};
					BCEC2D222894FC00002B1F74 = {
						CreatedOnToolsVersion = 13.3;
					};
				};
			};
			buildConfigurationList = BCEC2D102894FBB6002B1F74 /* Build configuration list for PBXProject "Algorithm_S4" */;
			compatibilityVersion = "Xcode 13.0";
			developmentRegion = en;
			hasScannedForEncodings = 0;
			knownRegions = (
				en,
				Base,
			);
			mainGroup = BCEC2D0C2894FBB6002B1F74;
			productRefGroup = BCEC2D162894FBB6002B1F74 /* Products */;
			projectDirPath = "";
			projectRoot = "";
			targets = (
				BCEC2D142894FBB6002B1F74 /* Algorithm_S4 */,
				BCEC2D222894FC00002B1F74 /* AlgoTests */,
			);
		};
/* End PBXProject section */

/* Begin PBXResourcesBuildPhase section */
		BCEC2D212894FC00002B1F74 /* Resources */ = {
			isa = PBXResourcesBuildPhase;
			buildActionMask = 2147483647;
			files = (
			);
			runOnlyForDeploymentPostprocessing = 0;
		};
/* End PBXResourcesBuildPhase section */

/* Begin PBXSourcesBuildPhase section */
		BCEC2D112894FBB6002B1F74 /* Sources */ = {
			isa = PBXSourcesBuildPhase;
			buildActionMask = 2147483647;
			files = (
				BCEC2D3A28951903002B1F74 /* ListNode.swift in Sources */,
				BCEC2D5E2897F28C002B1F74 /* kClosest.swift in Sources */,
				BCEC2D6128981217002B1F74 /* threeSum.swift in Sources */,
				4F956D0E289A5EA4003BDF1A /* Trie.swift in Sources */,
				BCEC2D4928965983002B1F74 /* longestPalindrome.swift in Sources */,
				BCEC2D43289641DA002B1F74 /* detectCycle.swift in Sources */,
				4F956D14289B8122003BDF1A /* productExceptSelf.swift in Sources */,
				BCEC2D5528968631002B1F74 /* Heap.swift in Sources */,
				BCEC2D4028963A8E002B1F74 /* middleNode.swift in Sources */,
				BCEC2D4C28965FE0002B1F74 /* isBalanced.swift in Sources */,
				BCEC2D2E289500AF002B1F74 /* pivotIndex.swift in Sources */,
				BCEC2D5228967B3D002B1F74 /* leastInterval.swift in Sources */,
				BCEC2D192894FBB6002B1F74 /* main.swift in Sources */,
				4F956D11289B582E003BDF1A /* CoinChange.swift in Sources */,
				BCEC2D4F28965FF6002B1F74 /* TreeNode.swift in Sources */,
				BCEC2D3128950A64002B1F74 /* isIsomorphic.swift in Sources */,
				BCEC2D46289653DE002B1F74 /* maxProfit.swift in Sources */,
				BCEC2D3D28952765002B1F74 /* reverseList.swift in Sources */,
				BCEC2D2B2894FC42002B1F74 /* RunningSum.swift in Sources */,
				BCEC2D37289518EE002B1F74 /* MergeTwoSortedLists.swift in Sources */,
				BCEC2D5B2897CD93002B1F74 /* updateMatrix.swift in Sources */,
				BCEC2D34289513C2002B1F74 /* isSubsquence.swift in Sources */,
				BCEC2D582897BCD9002B1F74 /* Insert Interval.swift in Sources */,
			);
			runOnlyForDeploymentPostprocessing = 0;
		};
		BCEC2D1F2894FC00002B1F74 /* Sources */ = {
			isa = PBXSourcesBuildPhase;
			buildActionMask = 2147483647;
			files = (
				BCEC2D3B28951903002B1F74 /* ListNode.swift in Sources */,
				BCEC2D5F2897F28C002B1F74 /* kClosest.swift in Sources */,
				BCEC2D6228981217002B1F74 /* threeSum.swift in Sources */,
				4F956D0F289A5EA4003BDF1A /* Trie.swift in Sources */,
				BCEC2D4A28965983002B1F74 /* longestPalindrome.swift in Sources */,
				BCEC2D44289641DA002B1F74 /* detectCycle.swift in Sources */,
				4F956D15289B8122003BDF1A /* productExceptSelf.swift in Sources */,
				BCEC2D5628968631002B1F74 /* Heap.swift in Sources */,
				BCEC2D4128963A8E002B1F74 /* middleNode.swift in Sources */,
				BCEC2D4D28965FE0002B1F74 /* isBalanced.swift in Sources */,
				BCEC2D2F289500AF002B1F74 /* pivotIndex.swift in Sources */,
				BCEC2D5328967B3D002B1F74 /* leastInterval.swift in Sources */,
				BCEC2D262894FC00002B1F74 /* AlgoTests.swift in Sources */,
				4F956D12289B582E003BDF1A /* CoinChange.swift in Sources */,
				BCEC2D5028965FF6002B1F74 /* TreeNode.swift in Sources */,
				BCEC2D3228950A64002B1F74 /* isIsomorphic.swift in Sources */,
				BCEC2D47289653DE002B1F74 /* maxProfit.swift in Sources */,
				BCEC2D3E28952765002B1F74 /* reverseList.swift in Sources */,
				BCEC2D2C2894FC42002B1F74 /* RunningSum.swift in Sources */,
				BCEC2D38289518EE002B1F74 /* MergeTwoSortedLists.swift in Sources */,
				BCEC2D5C2897CD93002B1F74 /* updateMatrix.swift in Sources */,
				BCEC2D35289513C2002B1F74 /* isSubsquence.swift in Sources */,
				BCEC2D592897BCD9002B1F74 /* Insert Interval.swift in Sources */,
			);
			runOnlyForDeploymentPostprocessing = 0;
		};
/* End PBXSourcesBuildPhase section */

/* Begin XCBuildConfiguration section */
		BCEC2D1A2894FBB6002B1F74 /* Debug */ = {
			isa = XCBuildConfiguration;
			buildSettings = {
				ALWAYS_SEARCH_USER_PATHS = NO;
				CLANG_ANALYZER_NONNULL = YES;
				CLANG_ANALYZER_NUMBER_OBJECT_CONVERSION = YES_AGGRESSIVE;
				CLANG_CXX_LANGUAGE_STANDARD = "gnu++17";
				CLANG_ENABLE_MODULES = YES;
				CLANG_ENABLE_OBJC_ARC = YES;
				CLANG_ENABLE_OBJC_WEAK = YES;
				CLANG_WARN_BLOCK_CAPTURE_AUTORELEASING = YES;
				CLANG_WARN_BOOL_CONVERSION = YES;
				CLANG_WARN_COMMA = YES;
				CLANG_WARN_CONSTANT_CONVERSION = YES;
				CLANG_WARN_DEPRECATED_OBJC_IMPLEMENTATIONS = YES;
				CLANG_WARN_DIRECT_OBJC_ISA_USAGE = YES_ERROR;
				CLANG_WARN_DOCUMENTATION_COMMENTS = YES;
				CLANG_WARN_EMPTY_BODY = YES;
				CLANG_WARN_ENUM_CONVERSION = YES;
				CLANG_WARN_INFINITE_RECURSION = YES;
				CLANG_WARN_INT_CONVERSION = YES;
				CLANG_WARN_NON_LITERAL_NULL_CONVERSION = YES;
				CLANG_WARN_OBJC_IMPLICIT_RETAIN_SELF = YES;
				CLANG_WARN_OBJC_LITERAL_CONVERSION = YES;
				CLANG_WARN_OBJC_ROOT_CLASS = YES_ERROR;
				CLANG_WARN_QUOTED_INCLUDE_IN_FRAMEWORK_HEADER = YES;
				CLANG_WARN_RANGE_LOOP_ANALYSIS = YES;
				CLANG_WARN_STRICT_PROTOTYPES = YES;
				CLANG_WARN_SUSPICIOUS_MOVE = YES;
				CLANG_WARN_UNGUARDED_AVAILABILITY = YES_AGGRESSIVE;
				CLANG_WARN_UNREACHABLE_CODE = YES;
				CLANG_WARN__DUPLICATE_METHOD_MATCH = YES;
				COPY_PHASE_STRIP = NO;
				DEBUG_INFORMATION_FORMAT = dwarf;
				ENABLE_STRICT_OBJC_MSGSEND = YES;
				ENABLE_TESTABILITY = YES;
				GCC_C_LANGUAGE_STANDARD = gnu11;
				GCC_DYNAMIC_NO_PIC = NO;
				GCC_NO_COMMON_BLOCKS = YES;
				GCC_OPTIMIZATION_LEVEL = 0;
				GCC_PREPROCESSOR_DEFINITIONS = (
					"DEBUG=1",
					"$(inherited)",
				);
				GCC_WARN_64_TO_32_BIT_CONVERSION = YES;
				GCC_WARN_ABOUT_RETURN_TYPE = YES_ERROR;
				GCC_WARN_UNDECLARED_SELECTOR = YES;
				GCC_WARN_UNINITIALIZED_AUTOS = YES_AGGRESSIVE;
				GCC_WARN_UNUSED_FUNCTION = YES;
				GCC_WARN_UNUSED_VARIABLE = YES;
				MACOSX_DEPLOYMENT_TARGET = 12.0;
				MTL_ENABLE_DEBUG_INFO = INCLUDE_SOURCE;
				MTL_FAST_MATH = YES;
				ONLY_ACTIVE_ARCH = YES;
				SDKROOT = macosx;
				SWIFT_ACTIVE_COMPILATION_CONDITIONS = DEBUG;
				SWIFT_OPTIMIZATION_LEVEL = "-Onone";
			};
			name = Debug;
		};
		BCEC2D1B2894FBB6002B1F74 /* Release */ = {
			isa = XCBuildConfiguration;
			buildSettings = {
				ALWAYS_SEARCH_USER_PATHS = NO;
				CLANG_ANALYZER_NONNULL = YES;
				CLANG_ANALYZER_NUMBER_OBJECT_CONVERSION = YES_AGGRESSIVE;
				CLANG_CXX_LANGUAGE_STANDARD = "gnu++17";
				CLANG_ENABLE_MODULES = YES;
				CLANG_ENABLE_OBJC_ARC = YES;
				CLANG_ENABLE_OBJC_WEAK = YES;
				CLANG_WARN_BLOCK_CAPTURE_AUTORELEASING = YES;
				CLANG_WARN_BOOL_CONVERSION = YES;
				CLANG_WARN_COMMA = YES;
				CLANG_WARN_CONSTANT_CONVERSION = YES;
				CLANG_WARN_DEPRECATED_OBJC_IMPLEMENTATIONS = YES;
				CLANG_WARN_DIRECT_OBJC_ISA_USAGE = YES_ERROR;
				CLANG_WARN_DOCUMENTATION_COMMENTS = YES;
				CLANG_WARN_EMPTY_BODY = YES;
				CLANG_WARN_ENUM_CONVERSION = YES;
				CLANG_WARN_INFINITE_RECURSION = YES;
				CLANG_WARN_INT_CONVERSION = YES;
				CLANG_WARN_NON_LITERAL_NULL_CONVERSION = YES;
				CLANG_WARN_OBJC_IMPLICIT_RETAIN_SELF = YES;
				CLANG_WARN_OBJC_LITERAL_CONVERSION = YES;
				CLANG_WARN_OBJC_ROOT_CLASS = YES_ERROR;
				CLANG_WARN_QUOTED_INCLUDE_IN_FRAMEWORK_HEADER = YES;
				CLANG_WARN_RANGE_LOOP_ANALYSIS = YES;
				CLANG_WARN_STRICT_PROTOTYPES = YES;
				CLANG_WARN_SUSPICIOUS_MOVE = YES;
				CLANG_WARN_UNGUARDED_AVAILABILITY = YES_AGGRESSIVE;
				CLANG_WARN_UNREACHABLE_CODE = YES;
				CLANG_WARN__DUPLICATE_METHOD_MATCH = YES;
				COPY_PHASE_STRIP = NO;
				DEBUG_INFORMATION_FORMAT = "dwarf-with-dsym";
				ENABLE_NS_ASSERTIONS = NO;
				ENABLE_STRICT_OBJC_MSGSEND = YES;
				GCC_C_LANGUAGE_STANDARD = gnu11;
				GCC_NO_COMMON_BLOCKS = YES;
				GCC_WARN_64_TO_32_BIT_CONVERSION = YES;
				GCC_WARN_ABOUT_RETURN_TYPE = YES_ERROR;
				GCC_WARN_UNDECLARED_SELECTOR = YES;
				GCC_WARN_UNINITIALIZED_AUTOS = YES_AGGRESSIVE;
				GCC_WARN_UNUSED_FUNCTION = YES;
				GCC_WARN_UNUSED_VARIABLE = YES;
				MACOSX_DEPLOYMENT_TARGET = 12.0;
				MTL_ENABLE_DEBUG_INFO = NO;
				MTL_FAST_MATH = YES;
				SDKROOT = macosx;
				SWIFT_COMPILATION_MODE = wholemodule;
				SWIFT_OPTIMIZATION_LEVEL = "-O";
			};
			name = Release;
		};
		BCEC2D1D2894FBB6002B1F74 /* Debug */ = {
			isa = XCBuildConfiguration;
			buildSettings = {
				CODE_SIGN_IDENTITY = "-";
				CODE_SIGN_STYLE = Automatic;
				DEVELOPMENT_TEAM = A6HM92H898;
				ENABLE_HARDENED_RUNTIME = YES;
				PRODUCT_NAME = "$(TARGET_NAME)";
				SWIFT_VERSION = 5.0;
			};
			name = Debug;
		};
		BCEC2D1E2894FBB6002B1F74 /* Release */ = {
			isa = XCBuildConfiguration;
			buildSettings = {
				CODE_SIGN_IDENTITY = "-";
				CODE_SIGN_STYLE = Automatic;
				DEVELOPMENT_TEAM = A6HM92H898;
				ENABLE_HARDENED_RUNTIME = YES;
				PRODUCT_NAME = "$(TARGET_NAME)";
				SWIFT_VERSION = 5.0;
			};
			name = Release;
		};
		BCEC2D282894FC00002B1F74 /* Debug */ = {
			isa = XCBuildConfiguration;
			buildSettings = {
				CODE_SIGN_STYLE = Automatic;
				CURRENT_PROJECT_VERSION = 1;
				DEVELOPMENT_TEAM = A6HM92H898;
				GENERATE_INFOPLIST_FILE = YES;
				MARKETING_VERSION = 1.0;
				PRODUCT_BUNDLE_IDENTIFIER = com.eddysong.AlgoTests;
				PRODUCT_NAME = "$(TARGET_NAME)";
				SWIFT_EMIT_LOC_STRINGS = NO;
				SWIFT_VERSION = 5.0;
			};
			name = Debug;
		};
		BCEC2D292894FC00002B1F74 /* Release */ = {
			isa = XCBuildConfiguration;
			buildSettings = {
				CODE_SIGN_STYLE = Automatic;
				CURRENT_PROJECT_VERSION = 1;
				DEVELOPMENT_TEAM = A6HM92H898;
				GENERATE_INFOPLIST_FILE = YES;
				MARKETING_VERSION = 1.0;
				PRODUCT_BUNDLE_IDENTIFIER = com.eddysong.AlgoTests;
				PRODUCT_NAME = "$(TARGET_NAME)";
				SWIFT_EMIT_LOC_STRINGS = NO;
				SWIFT_VERSION = 5.0;
			};
			name = Release;
		};
/* End XCBuildConfiguration section */

/* Begin XCConfigurationList section */
		BCEC2D102894FBB6002B1F74 /* Build configuration list for PBXProject "Algorithm_S4" */ = {
			isa = XCConfigurationList;
			buildConfigurations = (
				BCEC2D1A2894FBB6002B1F74 /* Debug */,
				BCEC2D1B2894FBB6002B1F74 /* Release */,
			);
			defaultConfigurationIsVisible = 0;
			defaultConfigurationName = Release;
		};
		BCEC2D1C2894FBB6002B1F74 /* Build configuration list for PBXNativeTarget "Algorithm_S4" */ = {
			isa = XCConfigurationList;
			buildConfigurations = (
				BCEC2D1D2894FBB6002B1F74 /* Debug */,
				BCEC2D1E2894FBB6002B1F74 /* Release */,
			);
			defaultConfigurationIsVisible = 0;
			defaultConfigurationName = Release;
		};
		BCEC2D272894FC00002B1F74 /* Build configuration list for PBXNativeTarget "AlgoTests" */ = {
			isa = XCConfigurationList;
			buildConfigurations = (
				BCEC2D282894FC00002B1F74 /* Debug */,
				BCEC2D292894FC00002B1F74 /* Release */,
			);
			defaultConfigurationIsVisible = 0;
			defaultConfigurationName = Release;
		};
/* End XCConfigurationList section */
	};
	rootObject = BCEC2D0D2894FBB6002B1F74 /* Project object */;
}
