// !$*UTF8*$!
{
	archiveVersion = 1;
	classes = {
	};
	objectVersion = 55;
	objects = {

/* Begin PBXBuildFile section */
		BC0B745728224224007AE2B6 /* FindKthLargest.swift in Sources */ = {isa = PBXBuildFile; fileRef = BC0B745628224224007AE2B6 /* FindKthLargest.swift */; };
		BC0B745828224224007AE2B6 /* FindKthLargest.swift in Sources */ = {isa = PBXBuildFile; fileRef = BC0B745628224224007AE2B6 /* FindKthLargest.swift */; };
		BC0B745A282249D7007AE2B6 /* LCAofBinaryTree.swift in Sources */ = {isa = PBXBuildFile; fileRef = BC0B7459282249D7007AE2B6 /* LCAofBinaryTree.swift */; };
		BC0B745B282249D7007AE2B6 /* LCAofBinaryTree.swift in Sources */ = {isa = PBXBuildFile; fileRef = BC0B7459282249D7007AE2B6 /* LCAofBinaryTree.swift */; };
		BC0B7461282295AC007AE2B6 /* maximizeEquation.swift in Sources */ = {isa = PBXBuildFile; fileRef = BC0B7460282295AC007AE2B6 /* maximizeEquation.swift */; };
		BC0B7462282295AC007AE2B6 /* maximizeEquation.swift in Sources */ = {isa = PBXBuildFile; fileRef = BC0B7460282295AC007AE2B6 /* maximizeEquation.swift */; };
		BC0B746428229C0B007AE2B6 /* Algorithm2Tests.swift in Sources */ = {isa = PBXBuildFile; fileRef = BC0B746328229C0B007AE2B6 /* Algorithm2Tests.swift */; };
		BC22097C28238ED200159AC0 /* Tuple.swift in Sources */ = {isa = PBXBuildFile; fileRef = BC22097B28238ED200159AC0 /* Tuple.swift */; };
		BC22097D28238ED200159AC0 /* Tuple.swift in Sources */ = {isa = PBXBuildFile; fileRef = BC22097B28238ED200159AC0 /* Tuple.swift */; };
		BC45EE3B2839273A008239E1 /* Dijkstras.swift in Sources */ = {isa = PBXBuildFile; fileRef = BC45EE3A2839273A008239E1 /* Dijkstras.swift */; };
		BC45EE3C2839273A008239E1 /* Dijkstras.swift in Sources */ = {isa = PBXBuildFile; fileRef = BC45EE3A2839273A008239E1 /* Dijkstras.swift */; };
		BC45EE3E283A1092008239E1 /* 방금그곡.swift in Sources */ = {isa = PBXBuildFile; fileRef = BC45EE3D283A1092008239E1 /* 방금그곡.swift */; };
		BC45EE3F283A1092008239E1 /* 방금그곡.swift in Sources */ = {isa = PBXBuildFile; fileRef = BC45EE3D283A1092008239E1 /* 방금그곡.swift */; };
		BC45EE41283A4775008239E1 /* PriorityQueue.swift in Sources */ = {isa = PBXBuildFile; fileRef = BC45EE40283A4775008239E1 /* PriorityQueue.swift */; };
		BC45EE42283A4775008239E1 /* PriorityQueue.swift in Sources */ = {isa = PBXBuildFile; fileRef = BC45EE40283A4775008239E1 /* PriorityQueue.swift */; };
		BC45EE44283A54CF008239E1 /* groupAnagrams.swift in Sources */ = {isa = PBXBuildFile; fileRef = BC45EE43283A54CF008239E1 /* groupAnagrams.swift */; };
		BC45EE45283A54CF008239E1 /* groupAnagrams.swift in Sources */ = {isa = PBXBuildFile; fileRef = BC45EE43283A54CF008239E1 /* groupAnagrams.swift */; };
		BC45EE47283A5B4F008239E1 /* randomizedSet-O1.swift in Sources */ = {isa = PBXBuildFile; fileRef = BC45EE46283A5B4F008239E1 /* randomizedSet-O1.swift */; };
		BC45EE48283A5B4F008239E1 /* randomizedSet-O1.swift in Sources */ = {isa = PBXBuildFile; fileRef = BC45EE46283A5B4F008239E1 /* randomizedSet-O1.swift */; };
		BC45EE4A283A5F39008239E1 /* plusOne.swift in Sources */ = {isa = PBXBuildFile; fileRef = BC45EE49283A5F39008239E1 /* plusOne.swift */; };
		BC45EE4B283A5F39008239E1 /* plusOne.swift in Sources */ = {isa = PBXBuildFile; fileRef = BC45EE49283A5F39008239E1 /* plusOne.swift */; };
		BC45EE4D283B0D27008239E1 /* N-digit Game.swift in Sources */ = {isa = PBXBuildFile; fileRef = BC45EE4C283B0D27008239E1 /* N-digit Game.swift */; };
		BC45EE4E283B0D27008239E1 /* N-digit Game.swift in Sources */ = {isa = PBXBuildFile; fileRef = BC45EE4C283B0D27008239E1 /* N-digit Game.swift */; };
		BC45EE50283BBE51008239E1 /* fizzBuzz.swift in Sources */ = {isa = PBXBuildFile; fileRef = BC45EE4F283BBE51008239E1 /* fizzBuzz.swift */; };
		BC45EE51283BBE51008239E1 /* fizzBuzz.swift in Sources */ = {isa = PBXBuildFile; fileRef = BC45EE4F283BBE51008239E1 /* fizzBuzz.swift */; };
		BC45EE7C283E005A008239E1 /* QueueTwoStacks.swift in Sources */ = {isa = PBXBuildFile; fileRef = BC45EE7B283E005A008239E1 /* QueueTwoStacks.swift */; };
		BC45EE7D283E005A008239E1 /* QueueTwoStacks.swift in Sources */ = {isa = PBXBuildFile; fileRef = BC45EE7B283E005A008239E1 /* QueueTwoStacks.swift */; };
		BC45EE7F283E18D9008239E1 /* Pairs.swift in Sources */ = {isa = PBXBuildFile; fileRef = BC45EE7E283E18D9008239E1 /* Pairs.swift */; };
		BC45EE80283E18D9008239E1 /* Pairs.swift in Sources */ = {isa = PBXBuildFile; fileRef = BC45EE7E283E18D9008239E1 /* Pairs.swift */; };
		BC45EE82283E1D3E008239E1 /* balancedBracket.swift in Sources */ = {isa = PBXBuildFile; fileRef = BC45EE81283E1D3E008239E1 /* balancedBracket.swift */; };
		BC45EE83283E1D3E008239E1 /* balancedBracket.swift in Sources */ = {isa = PBXBuildFile; fileRef = BC45EE81283E1D3E008239E1 /* balancedBracket.swift */; };
		BC45EE85283F0B25008239E1 /* codility.swift in Sources */ = {isa = PBXBuildFile; fileRef = BC45EE84283F0B25008239E1 /* codility.swift */; };
		BC45EE86283F0D48008239E1 /* codility.swift in Sources */ = {isa = PBXBuildFile; fileRef = BC45EE84283F0B25008239E1 /* codility.swift */; };
		BC45EE92283F9A6F008239E1 /* Algorithm4Tests.swift in Sources */ = {isa = PBXBuildFile; fileRef = BC45EE91283F9A6F008239E1 /* Algorithm4Tests.swift */; };
		BC45EE94283FA49B008239E1 /* bulb.swift in Sources */ = {isa = PBXBuildFile; fileRef = BC45EE93283FA49B008239E1 /* bulb.swift */; };
		BC45EE95283FA49B008239E1 /* bulb.swift in Sources */ = {isa = PBXBuildFile; fileRef = BC45EE93283FA49B008239E1 /* bulb.swift */; };
		BC45EE97284052E2008239E1 /* brickPermutation.swift in Sources */ = {isa = PBXBuildFile; fileRef = BC45EE96284052E2008239E1 /* brickPermutation.swift */; };
		BC45EE98284052E2008239E1 /* brickPermutation.swift in Sources */ = {isa = PBXBuildFile; fileRef = BC45EE96284052E2008239E1 /* brickPermutation.swift */; };
		BC45EEAC2841B38F008239E1 /* pivot.swift in Sources */ = {isa = PBXBuildFile; fileRef = BC45EEAB2841B38F008239E1 /* pivot.swift */; };
		BC45EEAD2841B46E008239E1 /* pivot.swift in Sources */ = {isa = PBXBuildFile; fileRef = BC45EEAB2841B38F008239E1 /* pivot.swift */; };
		BC45EEAF2841B7C4008239E1 /* isPossible.swift in Sources */ = {isa = PBXBuildFile; fileRef = BC45EEAE2841B7C4008239E1 /* isPossible.swift */; };
		BC45EEB02841B95C008239E1 /* isPossible.swift in Sources */ = {isa = PBXBuildFile; fileRef = BC45EEAE2841B7C4008239E1 /* isPossible.swift */; };
		BC45EEB22841C419008239E1 /* RESTAPI.swift in Sources */ = {isa = PBXBuildFile; fileRef = BC45EEB12841C419008239E1 /* RESTAPI.swift */; };
		BC45EEB32841C419008239E1 /* RESTAPI.swift in Sources */ = {isa = PBXBuildFile; fileRef = BC45EEB12841C419008239E1 /* RESTAPI.swift */; };
		BC45EEB528423FC7008239E1 /* gridChallenge.swift in Sources */ = {isa = PBXBuildFile; fileRef = BC45EEB428423FC7008239E1 /* gridChallenge.swift */; };
		BC45EEB628423FC7008239E1 /* gridChallenge.swift in Sources */ = {isa = PBXBuildFile; fileRef = BC45EEB428423FC7008239E1 /* gridChallenge.swift */; };
		BC45EEB828424E32008239E1 /* NewYearChaos.swift in Sources */ = {isa = PBXBuildFile; fileRef = BC45EEB728424E32008239E1 /* NewYearChaos.swift */; };
		BC45EEB928424E32008239E1 /* NewYearChaos.swift in Sources */ = {isa = PBXBuildFile; fileRef = BC45EEB728424E32008239E1 /* NewYearChaos.swift */; };
		BC63751D2848363900BF444B /* 파일명_정렬.swift in Sources */ = {isa = PBXBuildFile; fileRef = BC63751C2848363900BF444B /* 파일명_정렬.swift */; };
		BC63751E2848363900BF444B /* 파일명_정렬.swift in Sources */ = {isa = PBXBuildFile; fileRef = BC63751C2848363900BF444B /* 파일명_정렬.swift */; };
		BC637520284841FF00BF444B /* Parking_fee.swift in Sources */ = {isa = PBXBuildFile; fileRef = BC63751F284841FF00BF444B /* Parking_fee.swift */; };
		BC637521284841FF00BF444B /* Parking_fee.swift in Sources */ = {isa = PBXBuildFile; fileRef = BC63751F284841FF00BF444B /* Parking_fee.swift */; };
		BC6EA96C282F91CE0015FB96 /* 해시맵.swift in Sources */ = {isa = PBXBuildFile; fileRef = BC6EA96B282F91CE0015FB96 /* 해시맵.swift */; };
		BC6EA96D282F93650015FB96 /* 해시맵.swift in Sources */ = {isa = PBXBuildFile; fileRef = BC6EA96B282F91CE0015FB96 /* 해시맵.swift */; };
		BC7C3C32281F56F8003F4833 /* main.swift in Sources */ = {isa = PBXBuildFile; fileRef = BC7C3C31281F56F8003F4833 /* main.swift */; };
		BC7C3C3F281F5715003F4833 /* AlgorithmTests.swift in Sources */ = {isa = PBXBuildFile; fileRef = BC7C3C3E281F5715003F4833 /* AlgorithmTests.swift */; };
		BC7C3C44281F573C003F4833 /* EditTable.swift in Sources */ = {isa = PBXBuildFile; fileRef = BC7C3C43281F573C003F4833 /* EditTable.swift */; };
		BC7C3C45281F573D003F4833 /* EditTable.swift in Sources */ = {isa = PBXBuildFile; fileRef = BC7C3C43281F573C003F4833 /* EditTable.swift */; };
		BC9259152834B55400E496F6 /* 캐시.swift in Sources */ = {isa = PBXBuildFile; fileRef = BC9259142834B55400E496F6 /* 캐시.swift */; };
		BC9259162834B55400E496F6 /* 캐시.swift in Sources */ = {isa = PBXBuildFile; fileRef = BC9259142834B55400E496F6 /* 캐시.swift */; };
		BCCC14D128438B13007A7F25 /* SuperDigit.swift in Sources */ = {isa = PBXBuildFile; fileRef = BCCC14D028438B13007A7F25 /* SuperDigit.swift */; };
		BCCC14D228438BA3007A7F25 /* SuperDigit.swift in Sources */ = {isa = PBXBuildFile; fileRef = BCCC14D028438B13007A7F25 /* SuperDigit.swift */; };
		BCCC14D428444B3F007A7F25 /* TextEditor.swift in Sources */ = {isa = PBXBuildFile; fileRef = BCCC14D328444B3F007A7F25 /* TextEditor.swift */; };
		BCCC14D528444B3F007A7F25 /* TextEditor.swift in Sources */ = {isa = PBXBuildFile; fileRef = BCCC14D328444B3F007A7F25 /* TextEditor.swift */; };
		BCCFC22B28322326003D0AA5 /* Heap.swift in Sources */ = {isa = PBXBuildFile; fileRef = BCCFC22A28322326003D0AA5 /* Heap.swift */; };
		BCCFC22C28322326003D0AA5 /* Heap.swift in Sources */ = {isa = PBXBuildFile; fileRef = BCCFC22A28322326003D0AA5 /* Heap.swift */; };
		BCCFC22F28336404003D0AA5 /* 튜플.swift in Sources */ = {isa = PBXBuildFile; fileRef = BCCFC22E28336404003D0AA5 /* 튜플.swift */; };
		BCCFC23028336404003D0AA5 /* 튜플.swift in Sources */ = {isa = PBXBuildFile; fileRef = BCCFC22E28336404003D0AA5 /* 튜플.swift */; };
		BCD835132825089C001273C8 /* rankSearch.swift in Sources */ = {isa = PBXBuildFile; fileRef = BCD835122825089C001273C8 /* rankSearch.swift */; };
		BCD83514282508F2001273C8 /* rankSearch.swift in Sources */ = {isa = PBXBuildFile; fileRef = BCD835122825089C001273C8 /* rankSearch.swift */; };
		BCD8351828263283001273C8 /* Kakao.swift in Sources */ = {isa = PBXBuildFile; fileRef = BCD8351728263283001273C8 /* Kakao.swift */; };
		BCD8351928263283001273C8 /* Kakao.swift in Sources */ = {isa = PBXBuildFile; fileRef = BCD8351728263283001273C8 /* Kakao.swift */; };
		BCD8351B282632CC001273C8 /* Algorithm3Tests.swift in Sources */ = {isa = PBXBuildFile; fileRef = BCD8351A282632CC001273C8 /* Algorithm3Tests.swift */; };
		BCD835222829E82D001273C8 /* twoSum.swift in Sources */ = {isa = PBXBuildFile; fileRef = BCD835212829E82D001273C8 /* twoSum.swift */; };
		BCD835232829E82D001273C8 /* twoSum.swift in Sources */ = {isa = PBXBuildFile; fileRef = BCD835212829E82D001273C8 /* twoSum.swift */; };
		BCDB11EE282CD10B00A90202 /* 후보키.swift in Sources */ = {isa = PBXBuildFile; fileRef = BCDB11ED282CD10B00A90202 /* 후보키.swift */; };
		BCDB11EF282CD10B00A90202 /* 후보키.swift in Sources */ = {isa = PBXBuildFile; fileRef = BCDB11ED282CD10B00A90202 /* 후보키.swift */; };
		BCEFF43A2845974500585324 /* lengthOfLongestSubstring.swift in Sources */ = {isa = PBXBuildFile; fileRef = BCEFF4392845974500585324 /* lengthOfLongestSubstring.swift */; };
		BCEFF43B2845974500585324 /* lengthOfLongestSubstring.swift in Sources */ = {isa = PBXBuildFile; fileRef = BCEFF4392845974500585324 /* lengthOfLongestSubstring.swift */; };
		BCEFF43D28459E3900585324 /* Longest Palindromic Substring  .swift in Sources */ = {isa = PBXBuildFile; fileRef = BCEFF43C28459E3900585324 /* Longest Palindromic Substring  .swift */; };
		BCEFF43E28459E3900585324 /* Longest Palindromic Substring  .swift in Sources */ = {isa = PBXBuildFile; fileRef = BCEFF43C28459E3900585324 /* Longest Palindromic Substring  .swift */; };
/* End PBXBuildFile section */

/* Begin PBXCopyFilesBuildPhase section */
		BC7C3C2C281F56F8003F4833 /* CopyFiles */ = {
			isa = PBXCopyFilesBuildPhase;
			buildActionMask = 2147483647;
			dstPath = /usr/share/man/man1/;
			dstSubfolderSpec = 0;
			files = (
			);
			runOnlyForDeploymentPostprocessing = 1;
		};
/* End PBXCopyFilesBuildPhase section */

/* Begin PBXFileReference section */
		BC0B745628224224007AE2B6 /* FindKthLargest.swift */ = {isa = PBXFileReference; lastKnownFileType = sourcecode.swift; path = FindKthLargest.swift; sourceTree = "<group>"; };
		BC0B7459282249D7007AE2B6 /* LCAofBinaryTree.swift */ = {isa = PBXFileReference; lastKnownFileType = sourcecode.swift; path = LCAofBinaryTree.swift; sourceTree = "<group>"; };
		BC0B7460282295AC007AE2B6 /* maximizeEquation.swift */ = {isa = PBXFileReference; lastKnownFileType = sourcecode.swift; path = maximizeEquation.swift; sourceTree = "<group>"; };
		BC0B746328229C0B007AE2B6 /* Algorithm2Tests.swift */ = {isa = PBXFileReference; lastKnownFileType = sourcecode.swift; path = Algorithm2Tests.swift; sourceTree = "<group>"; };
		BC22097B28238ED200159AC0 /* Tuple.swift */ = {isa = PBXFileReference; lastKnownFileType = sourcecode.swift; path = Tuple.swift; sourceTree = "<group>"; };
		BC45EE3A2839273A008239E1 /* Dijkstras.swift */ = {isa = PBXFileReference; lastKnownFileType = sourcecode.swift; path = Dijkstras.swift; sourceTree = "<group>"; };
		BC45EE3D283A1092008239E1 /* 방금그곡.swift */ = {isa = PBXFileReference; lastKnownFileType = sourcecode.swift; path = "방금그곡.swift"; sourceTree = "<group>"; };
		BC45EE40283A4775008239E1 /* PriorityQueue.swift */ = {isa = PBXFileReference; lastKnownFileType = sourcecode.swift; path = PriorityQueue.swift; sourceTree = "<group>"; };
		BC45EE43283A54CF008239E1 /* groupAnagrams.swift */ = {isa = PBXFileReference; lastKnownFileType = sourcecode.swift; path = groupAnagrams.swift; sourceTree = "<group>"; };
		BC45EE46283A5B4F008239E1 /* randomizedSet-O1.swift */ = {isa = PBXFileReference; lastKnownFileType = sourcecode.swift; path = "randomizedSet-O1.swift"; sourceTree = "<group>"; };
		BC45EE49283A5F39008239E1 /* plusOne.swift */ = {isa = PBXFileReference; lastKnownFileType = sourcecode.swift; path = plusOne.swift; sourceTree = "<group>"; };
		BC45EE4C283B0D27008239E1 /* N-digit Game.swift */ = {isa = PBXFileReference; lastKnownFileType = sourcecode.swift; path = "N-digit Game.swift"; sourceTree = "<group>"; };
		BC45EE4F283BBE51008239E1 /* fizzBuzz.swift */ = {isa = PBXFileReference; lastKnownFileType = sourcecode.swift; path = fizzBuzz.swift; sourceTree = "<group>"; };
		BC45EE7B283E005A008239E1 /* QueueTwoStacks.swift */ = {isa = PBXFileReference; lastKnownFileType = sourcecode.swift; path = QueueTwoStacks.swift; sourceTree = "<group>"; };
		BC45EE7E283E18D9008239E1 /* Pairs.swift */ = {isa = PBXFileReference; lastKnownFileType = sourcecode.swift; path = Pairs.swift; sourceTree = "<group>"; };
		BC45EE81283E1D3E008239E1 /* balancedBracket.swift */ = {isa = PBXFileReference; lastKnownFileType = sourcecode.swift; path = balancedBracket.swift; sourceTree = "<group>"; };
		BC45EE84283F0B25008239E1 /* codility.swift */ = {isa = PBXFileReference; lastKnownFileType = sourcecode.swift; path = codility.swift; sourceTree = "<group>"; };
		BC45EE91283F9A6F008239E1 /* Algorithm4Tests.swift */ = {isa = PBXFileReference; lastKnownFileType = sourcecode.swift; path = Algorithm4Tests.swift; sourceTree = "<group>"; };
		BC45EE93283FA49B008239E1 /* bulb.swift */ = {isa = PBXFileReference; lastKnownFileType = sourcecode.swift; path = bulb.swift; sourceTree = "<group>"; };
		BC45EE96284052E2008239E1 /* brickPermutation.swift */ = {isa = PBXFileReference; lastKnownFileType = sourcecode.swift; path = brickPermutation.swift; sourceTree = "<group>"; };
		BC45EEAB2841B38F008239E1 /* pivot.swift */ = {isa = PBXFileReference; lastKnownFileType = sourcecode.swift; path = pivot.swift; sourceTree = "<group>"; };
		BC45EEAE2841B7C4008239E1 /* isPossible.swift */ = {isa = PBXFileReference; lastKnownFileType = sourcecode.swift; path = isPossible.swift; sourceTree = "<group>"; };
		BC45EEB12841C419008239E1 /* RESTAPI.swift */ = {isa = PBXFileReference; lastKnownFileType = sourcecode.swift; path = RESTAPI.swift; sourceTree = "<group>"; };
		BC45EEB428423FC7008239E1 /* gridChallenge.swift */ = {isa = PBXFileReference; lastKnownFileType = sourcecode.swift; path = gridChallenge.swift; sourceTree = "<group>"; };
		BC45EEB728424E32008239E1 /* NewYearChaos.swift */ = {isa = PBXFileReference; lastKnownFileType = sourcecode.swift; path = NewYearChaos.swift; sourceTree = "<group>"; };
		BC63751C2848363900BF444B /* 파일명_정렬.swift */ = {isa = PBXFileReference; lastKnownFileType = sourcecode.swift; path = "파일명_정렬.swift"; sourceTree = "<group>"; };
		BC63751F284841FF00BF444B /* Parking_fee.swift */ = {isa = PBXFileReference; lastKnownFileType = sourcecode.swift; path = Parking_fee.swift; sourceTree = "<group>"; };
		BC6EA96B282F91CE0015FB96 /* 해시맵.swift */ = {isa = PBXFileReference; lastKnownFileType = sourcecode.swift; path = "해시맵.swift"; sourceTree = "<group>"; };
		BC7C3C2E281F56F8003F4833 /* Algorithm_S3 */ = {isa = PBXFileReference; explicitFileType = "compiled.mach-o.executable"; includeInIndex = 0; path = Algorithm_S3; sourceTree = BUILT_PRODUCTS_DIR; };
		BC7C3C31281F56F8003F4833 /* main.swift */ = {isa = PBXFileReference; lastKnownFileType = sourcecode.swift; path = main.swift; sourceTree = "<group>"; };
		BC7C3C3C281F5715003F4833 /* AlgorithmTests.xctest */ = {isa = PBXFileReference; explicitFileType = wrapper.cfbundle; includeInIndex = 0; path = AlgorithmTests.xctest; sourceTree = BUILT_PRODUCTS_DIR; };
		BC7C3C3E281F5715003F4833 /* AlgorithmTests.swift */ = {isa = PBXFileReference; lastKnownFileType = sourcecode.swift; path = AlgorithmTests.swift; sourceTree = "<group>"; };
		BC7C3C43281F573C003F4833 /* EditTable.swift */ = {isa = PBXFileReference; lastKnownFileType = sourcecode.swift; path = EditTable.swift; sourceTree = "<group>"; };
		BC9259142834B55400E496F6 /* 캐시.swift */ = {isa = PBXFileReference; lastKnownFileType = sourcecode.swift; path = "캐시.swift"; sourceTree = "<group>"; };
		BCCC14D028438B13007A7F25 /* SuperDigit.swift */ = {isa = PBXFileReference; lastKnownFileType = sourcecode.swift; path = SuperDigit.swift; sourceTree = "<group>"; };
		BCCC14D328444B3F007A7F25 /* TextEditor.swift */ = {isa = PBXFileReference; lastKnownFileType = sourcecode.swift; path = TextEditor.swift; sourceTree = "<group>"; };
		BCCFC22A28322326003D0AA5 /* Heap.swift */ = {isa = PBXFileReference; lastKnownFileType = sourcecode.swift; path = Heap.swift; sourceTree = "<group>"; };
		BCCFC22E28336404003D0AA5 /* 튜플.swift */ = {isa = PBXFileReference; lastKnownFileType = sourcecode.swift; path = "튜플.swift"; sourceTree = "<group>"; };
		BCD835122825089C001273C8 /* rankSearch.swift */ = {isa = PBXFileReference; lastKnownFileType = sourcecode.swift; path = rankSearch.swift; sourceTree = "<group>"; };
		BCD8351728263283001273C8 /* Kakao.swift */ = {isa = PBXFileReference; lastKnownFileType = sourcecode.swift; path = Kakao.swift; sourceTree = "<group>"; };
		BCD8351A282632CC001273C8 /* Algorithm3Tests.swift */ = {isa = PBXFileReference; lastKnownFileType = sourcecode.swift; path = Algorithm3Tests.swift; sourceTree = "<group>"; };
		BCD835212829E82D001273C8 /* twoSum.swift */ = {isa = PBXFileReference; lastKnownFileType = sourcecode.swift; path = twoSum.swift; sourceTree = "<group>"; };
		BCDB11ED282CD10B00A90202 /* 후보키.swift */ = {isa = PBXFileReference; lastKnownFileType = sourcecode.swift; path = "후보키.swift"; sourceTree = "<group>"; };
		BCEFF4392845974500585324 /* lengthOfLongestSubstring.swift */ = {isa = PBXFileReference; lastKnownFileType = sourcecode.swift; path = lengthOfLongestSubstring.swift; sourceTree = "<group>"; };
		BCEFF43C28459E3900585324 /* Longest Palindromic Substring  .swift */ = {isa = PBXFileReference; lastKnownFileType = sourcecode.swift; path = "Longest Palindromic Substring  .swift"; sourceTree = "<group>"; };
/* End PBXFileReference section */

/* Begin PBXFrameworksBuildPhase section */
		BC7C3C2B281F56F8003F4833 /* Frameworks */ = {
			isa = PBXFrameworksBuildPhase;
			buildActionMask = 2147483647;
			files = (
			);
			runOnlyForDeploymentPostprocessing = 0;
		};
		BC7C3C39281F5715003F4833 /* Frameworks */ = {
			isa = PBXFrameworksBuildPhase;
			buildActionMask = 2147483647;
			files = (
			);
			runOnlyForDeploymentPostprocessing = 0;
		};
/* End PBXFrameworksBuildPhase section */

/* Begin PBXGroup section */
		BC45EE8C283F9A3B008239E1 /* group1 */ = {
			isa = PBXGroup;
			children = (
				BC45EE81283E1D3E008239E1 /* balancedBracket.swift */,
				BC7C3C31281F56F8003F4833 /* main.swift */,
				BC7C3C43281F573C003F4833 /* EditTable.swift */,
				BCCFC22E28336404003D0AA5 /* 튜플.swift */,
				BC9259142834B55400E496F6 /* 캐시.swift */,
				BC45EE84283F0B25008239E1 /* codility.swift */,
				BC45EE3D283A1092008239E1 /* 방금그곡.swift */,
				BC0B745628224224007AE2B6 /* FindKthLargest.swift */,
				BC0B7460282295AC007AE2B6 /* maximizeEquation.swift */,
				BC22097B28238ED200159AC0 /* Tuple.swift */,
				BCD835122825089C001273C8 /* rankSearch.swift */,
				BC0B7459282249D7007AE2B6 /* LCAofBinaryTree.swift */,
				BCD8351728263283001273C8 /* Kakao.swift */,
				BCD835212829E82D001273C8 /* twoSum.swift */,
				BCDB11ED282CD10B00A90202 /* 후보키.swift */,
				BCCFC22A28322326003D0AA5 /* Heap.swift */,
				BC45EE40283A4775008239E1 /* PriorityQueue.swift */,
				BC6EA96B282F91CE0015FB96 /* 해시맵.swift */,
				BC45EE43283A54CF008239E1 /* groupAnagrams.swift */,
				BC45EE46283A5B4F008239E1 /* randomizedSet-O1.swift */,
				BC45EE49283A5F39008239E1 /* plusOne.swift */,
				BC45EE4C283B0D27008239E1 /* N-digit Game.swift */,
				BC45EE7B283E005A008239E1 /* QueueTwoStacks.swift */,
				BC45EE7E283E18D9008239E1 /* Pairs.swift */,
				BC45EE4F283BBE51008239E1 /* fizzBuzz.swift */,
				BC45EE3A2839273A008239E1 /* Dijkstras.swift */,
			);
			path = group1;
			sourceTree = "<group>";
		};
		BC45EE8D283F9A41008239E1 /* group2 */ = {
			isa = PBXGroup;
			children = (
				BC45EE93283FA49B008239E1 /* bulb.swift */,
				BC45EE96284052E2008239E1 /* brickPermutation.swift */,
				BC45EEAB2841B38F008239E1 /* pivot.swift */,
				BC45EEAE2841B7C4008239E1 /* isPossible.swift */,
				BC45EEB12841C419008239E1 /* RESTAPI.swift */,
				BC45EEB428423FC7008239E1 /* gridChallenge.swift */,
				BC45EEB728424E32008239E1 /* NewYearChaos.swift */,
				BCCC14D028438B13007A7F25 /* SuperDigit.swift */,
				BCCC14D328444B3F007A7F25 /* TextEditor.swift */,
				BCEFF4392845974500585324 /* lengthOfLongestSubstring.swift */,
				BCEFF43C28459E3900585324 /* Longest Palindromic Substring  .swift */,
				BC63751C2848363900BF444B /* 파일명_정렬.swift */,
				BC63751F284841FF00BF444B /* Parking_fee.swift */,
			);
			path = group2;
			sourceTree = "<group>";
		};
		BC7C3C25281F56F8003F4833 = {
			isa = PBXGroup;
			children = (
				BC7C3C30281F56F8003F4833 /* Algorithm_S3 */,
				BC7C3C3D281F5715003F4833 /* AlgorithmTests */,
				BC7C3C2F281F56F8003F4833 /* Products */,
			);
			sourceTree = "<group>";
		};
		BC7C3C2F281F56F8003F4833 /* Products */ = {
			isa = PBXGroup;
			children = (
				BC7C3C2E281F56F8003F4833 /* Algorithm_S3 */,
				BC7C3C3C281F5715003F4833 /* AlgorithmTests.xctest */,
			);
			name = Products;
			sourceTree = "<group>";
		};
		BC7C3C30281F56F8003F4833 /* Algorithm_S3 */ = {
			isa = PBXGroup;
			children = (
				BC45EE8C283F9A3B008239E1 /* group1 */,
				BC45EE8D283F9A41008239E1 /* group2 */,
			);
			path = Algorithm_S3;
			sourceTree = "<group>";
		};
		BC7C3C3D281F5715003F4833 /* AlgorithmTests */ = {
			isa = PBXGroup;
			children = (
				BC7C3C3E281F5715003F4833 /* AlgorithmTests.swift */,
				BC0B746328229C0B007AE2B6 /* Algorithm2Tests.swift */,
				BCD8351A282632CC001273C8 /* Algorithm3Tests.swift */,
				BC45EE91283F9A6F008239E1 /* Algorithm4Tests.swift */,
			);
			path = AlgorithmTests;
			sourceTree = "<group>";
		};
/* End PBXGroup section */

/* Begin PBXNativeTarget section */
		BC7C3C2D281F56F8003F4833 /* Algorithm_S3 */ = {
			isa = PBXNativeTarget;
			buildConfigurationList = BC7C3C35281F56F8003F4833 /* Build configuration list for PBXNativeTarget "Algorithm_S3" */;
			buildPhases = (
				BC7C3C2A281F56F8003F4833 /* Sources */,
				BC7C3C2B281F56F8003F4833 /* Frameworks */,
				BC7C3C2C281F56F8003F4833 /* CopyFiles */,
			);
			buildRules = (
			);
			dependencies = (
			);
			name = Algorithm_S3;
			productName = Algorithm_S3;
			productReference = BC7C3C2E281F56F8003F4833 /* Algorithm_S3 */;
			productType = "com.apple.product-type.tool";
		};
		BC7C3C3B281F5715003F4833 /* AlgorithmTests */ = {
			isa = PBXNativeTarget;
			buildConfigurationList = BC7C3C40281F5715003F4833 /* Build configuration list for PBXNativeTarget "AlgorithmTests" */;
			buildPhases = (
				BC7C3C38281F5715003F4833 /* Sources */,
				BC7C3C39281F5715003F4833 /* Frameworks */,
				BC7C3C3A281F5715003F4833 /* Resources */,
			);
			buildRules = (
			);
			dependencies = (
			);
			name = AlgorithmTests;
			productName = AlgorithmTests;
			productReference = BC7C3C3C281F5715003F4833 /* AlgorithmTests.xctest */;
			productType = "com.apple.product-type.bundle.unit-test";
		};
/* End PBXNativeTarget section */

/* Begin PBXProject section */
		BC7C3C26281F56F8003F4833 /* Project object */ = {
			isa = PBXProject;
			attributes = {
				BuildIndependentTargetsInParallel = 1;
				LastSwiftUpdateCheck = 1330;
				LastUpgradeCheck = 1330;
				TargetAttributes = {
					BC7C3C2D281F56F8003F4833 = {
						CreatedOnToolsVersion = 13.3;
					};
					BC7C3C3B281F5715003F4833 = {
						CreatedOnToolsVersion = 13.3;
					};
				};
			};
			buildConfigurationList = BC7C3C29281F56F8003F4833 /* Build configuration list for PBXProject "Algorithm_S3" */;
			compatibilityVersion = "Xcode 13.0";
			developmentRegion = en;
			hasScannedForEncodings = 0;
			knownRegions = (
				en,
				Base,
			);
			mainGroup = BC7C3C25281F56F8003F4833;
			productRefGroup = BC7C3C2F281F56F8003F4833 /* Products */;
			projectDirPath = "";
			projectRoot = "";
			targets = (
				BC7C3C2D281F56F8003F4833 /* Algorithm_S3 */,
				BC7C3C3B281F5715003F4833 /* AlgorithmTests */,
			);
		};
/* End PBXProject section */

/* Begin PBXResourcesBuildPhase section */
		BC7C3C3A281F5715003F4833 /* Resources */ = {
			isa = PBXResourcesBuildPhase;
			buildActionMask = 2147483647;
			files = (
			);
			runOnlyForDeploymentPostprocessing = 0;
		};
/* End PBXResourcesBuildPhase section */

/* Begin PBXSourcesBuildPhase section */
		BC7C3C2A281F56F8003F4833 /* Sources */ = {
			isa = PBXSourcesBuildPhase;
			buildActionMask = 2147483647;
			files = (
				BC45EE3B2839273A008239E1 /* Dijkstras.swift in Sources */,
				BC45EE4D283B0D27008239E1 /* N-digit Game.swift in Sources */,
				BCD835222829E82D001273C8 /* twoSum.swift in Sources */,
				BC45EE50283BBE51008239E1 /* fizzBuzz.swift in Sources */,
				BC6EA96C282F91CE0015FB96 /* 해시맵.swift in Sources */,
				BC0B745728224224007AE2B6 /* FindKthLargest.swift in Sources */,
				BC45EEB828424E32008239E1 /* NewYearChaos.swift in Sources */,
				BCCFC22B28322326003D0AA5 /* Heap.swift in Sources */,
				BC45EE7C283E005A008239E1 /* QueueTwoStacks.swift in Sources */,
				BC45EE82283E1D3E008239E1 /* balancedBracket.swift in Sources */,
				BC45EEAC2841B38F008239E1 /* pivot.swift in Sources */,
				BC63751D2848363900BF444B /* 파일명_정렬.swift in Sources */,
				BC7C3C44281F573C003F4833 /* EditTable.swift in Sources */,
				BC0B745A282249D7007AE2B6 /* LCAofBinaryTree.swift in Sources */,
				BC0B7461282295AC007AE2B6 /* maximizeEquation.swift in Sources */,
				BC45EE97284052E2008239E1 /* brickPermutation.swift in Sources */,
				BC45EEB22841C419008239E1 /* RESTAPI.swift in Sources */,
				BC45EE47283A5B4F008239E1 /* randomizedSet-O1.swift in Sources */,
				BCEFF43D28459E3900585324 /* Longest Palindromic Substring  .swift in Sources */,
				BC45EE94283FA49B008239E1 /* bulb.swift in Sources */,
				BCCFC22F28336404003D0AA5 /* 튜플.swift in Sources */,
				BC45EE7F283E18D9008239E1 /* Pairs.swift in Sources */,
				BCD835132825089C001273C8 /* rankSearch.swift in Sources */,
				BC637520284841FF00BF444B /* Parking_fee.swift in Sources */,
				BCD8351828263283001273C8 /* Kakao.swift in Sources */,
				BCCC14D428444B3F007A7F25 /* TextEditor.swift in Sources */,
				BC9259152834B55400E496F6 /* 캐시.swift in Sources */,
				BC22097C28238ED200159AC0 /* Tuple.swift in Sources */,
				BCEFF43A2845974500585324 /* lengthOfLongestSubstring.swift in Sources */,
				BC45EEB528423FC7008239E1 /* gridChallenge.swift in Sources */,
				BC45EE4A283A5F39008239E1 /* plusOne.swift in Sources */,
				BC45EE44283A54CF008239E1 /* groupAnagrams.swift in Sources */,
				BC7C3C32281F56F8003F4833 /* main.swift in Sources */,
				BC45EE85283F0B25008239E1 /* codility.swift in Sources */,
				BC45EEAF2841B7C4008239E1 /* isPossible.swift in Sources */,
				BC45EE3E283A1092008239E1 /* 방금그곡.swift in Sources */,
				BCDB11EE282CD10B00A90202 /* 후보키.swift in Sources */,
				BC45EE41283A4775008239E1 /* PriorityQueue.swift in Sources */,
				BCCC14D128438B13007A7F25 /* SuperDigit.swift in Sources */,
			);
			runOnlyForDeploymentPostprocessing = 0;
		};
		BC7C3C38281F5715003F4833 /* Sources */ = {
			isa = PBXSourcesBuildPhase;
			buildActionMask = 2147483647;
			files = (
				BC0B745828224224007AE2B6 /* FindKthLargest.swift in Sources */,
				BC45EE48283A5B4F008239E1 /* randomizedSet-O1.swift in Sources */,
				BC7C3C45281F573D003F4833 /* EditTable.swift in Sources */,
				BC45EE80283E18D9008239E1 /* Pairs.swift in Sources */,
				BC0B746428229C0B007AE2B6 /* Algorithm2Tests.swift in Sources */,
				BCCC14D528444B3F007A7F25 /* TextEditor.swift in Sources */,
				BCDB11EF282CD10B00A90202 /* 후보키.swift in Sources */,
				BC45EEB928424E32008239E1 /* NewYearChaos.swift in Sources */,
				BC45EE42283A4775008239E1 /* PriorityQueue.swift in Sources */,
				BC45EE83283E1D3E008239E1 /* balancedBracket.swift in Sources */,
				BC9259162834B55400E496F6 /* 캐시.swift in Sources */,
				BC45EE51283BBE51008239E1 /* fizzBuzz.swift in Sources */,
				BC0B745B282249D7007AE2B6 /* LCAofBinaryTree.swift in Sources */,
				BC45EE4B283A5F39008239E1 /* plusOne.swift in Sources */,
				BC0B7462282295AC007AE2B6 /* maximizeEquation.swift in Sources */,
				BC6EA96D282F93650015FB96 /* 해시맵.swift in Sources */,
				BCD8351928263283001273C8 /* Kakao.swift in Sources */,
				BC637521284841FF00BF444B /* Parking_fee.swift in Sources */,
				BCD83514282508F2001273C8 /* rankSearch.swift in Sources */,
				BC22097D28238ED200159AC0 /* Tuple.swift in Sources */,
				BC7C3C3F281F5715003F4833 /* AlgorithmTests.swift in Sources */,
				BC45EE98284052E2008239E1 /* brickPermutation.swift in Sources */,
				BCD8351B282632CC001273C8 /* Algorithm3Tests.swift in Sources */,
				BC45EEB628423FC7008239E1 /* gridChallenge.swift in Sources */,
				BCEFF43E28459E3900585324 /* Longest Palindromic Substring  .swift in Sources */,
				BCD835232829E82D001273C8 /* twoSum.swift in Sources */,
				BCCC14D228438BA3007A7F25 /* SuperDigit.swift in Sources */,
				BC45EE7D283E005A008239E1 /* QueueTwoStacks.swift in Sources */,
				BCCFC22C28322326003D0AA5 /* Heap.swift in Sources */,
				BC45EEB02841B95C008239E1 /* isPossible.swift in Sources */,
				BC45EE86283F0D48008239E1 /* codility.swift in Sources */,
				BC45EEAD2841B46E008239E1 /* pivot.swift in Sources */,
				BC45EEB32841C419008239E1 /* RESTAPI.swift in Sources */,
				BC45EE3C2839273A008239E1 /* Dijkstras.swift in Sources */,
				BC45EE45283A54CF008239E1 /* groupAnagrams.swift in Sources */,
				BC63751E2848363900BF444B /* 파일명_정렬.swift in Sources */,
				BC45EE92283F9A6F008239E1 /* Algorithm4Tests.swift in Sources */,
				BCEFF43B2845974500585324 /* lengthOfLongestSubstring.swift in Sources */,
				BC45EE3F283A1092008239E1 /* 방금그곡.swift in Sources */,
				BCCFC23028336404003D0AA5 /* 튜플.swift in Sources */,
				BC45EE95283FA49B008239E1 /* bulb.swift in Sources */,
				BC45EE4E283B0D27008239E1 /* N-digit Game.swift in Sources */,
			);
			runOnlyForDeploymentPostprocessing = 0;
		};
/* End PBXSourcesBuildPhase section */

/* Begin XCBuildConfiguration section */
		BC7C3C33281F56F8003F4833 /* Debug */ = {
			isa = XCBuildConfiguration;
			buildSettings = {
				ALWAYS_SEARCH_USER_PATHS = NO;
				CLANG_ANALYZER_NONNULL = YES;
				CLANG_ANALYZER_NUMBER_OBJECT_CONVERSION = YES_AGGRESSIVE;
				CLANG_CXX_LANGUAGE_STANDARD = "gnu++17";
				CLANG_ENABLE_MODULES = YES;
				CLANG_ENABLE_OBJC_ARC = YES;
				CLANG_ENABLE_OBJC_WEAK = YES;
				CLANG_WARN_BLOCK_CAPTURE_AUTORELEASING = YES;
				CLANG_WARN_BOOL_CONVERSION = YES;
				CLANG_WARN_COMMA = YES;
				CLANG_WARN_CONSTANT_CONVERSION = YES;
				CLANG_WARN_DEPRECATED_OBJC_IMPLEMENTATIONS = YES;
				CLANG_WARN_DIRECT_OBJC_ISA_USAGE = YES_ERROR;
				CLANG_WARN_DOCUMENTATION_COMMENTS = YES;
				CLANG_WARN_EMPTY_BODY = YES;
				CLANG_WARN_ENUM_CONVERSION = YES;
				CLANG_WARN_INFINITE_RECURSION = YES;
				CLANG_WARN_INT_CONVERSION = YES;
				CLANG_WARN_NON_LITERAL_NULL_CONVERSION = YES;
				CLANG_WARN_OBJC_IMPLICIT_RETAIN_SELF = YES;
				CLANG_WARN_OBJC_LITERAL_CONVERSION = YES;
				CLANG_WARN_OBJC_ROOT_CLASS = YES_ERROR;
				CLANG_WARN_QUOTED_INCLUDE_IN_FRAMEWORK_HEADER = YES;
				CLANG_WARN_RANGE_LOOP_ANALYSIS = YES;
				CLANG_WARN_STRICT_PROTOTYPES = YES;
				CLANG_WARN_SUSPICIOUS_MOVE = YES;
				CLANG_WARN_UNGUARDED_AVAILABILITY = YES_AGGRESSIVE;
				CLANG_WARN_UNREACHABLE_CODE = YES;
				CLANG_WARN__DUPLICATE_METHOD_MATCH = YES;
				COPY_PHASE_STRIP = NO;
				DEBUG_INFORMATION_FORMAT = dwarf;
				ENABLE_STRICT_OBJC_MSGSEND = YES;
				ENABLE_TESTABILITY = YES;
				GCC_C_LANGUAGE_STANDARD = gnu11;
				GCC_DYNAMIC_NO_PIC = NO;
				GCC_NO_COMMON_BLOCKS = YES;
				GCC_OPTIMIZATION_LEVEL = 0;
				GCC_PREPROCESSOR_DEFINITIONS = (
					"DEBUG=1",
					"$(inherited)",
				);
				GCC_WARN_64_TO_32_BIT_CONVERSION = YES;
				GCC_WARN_ABOUT_RETURN_TYPE = YES_ERROR;
				GCC_WARN_UNDECLARED_SELECTOR = YES;
				GCC_WARN_UNINITIALIZED_AUTOS = YES_AGGRESSIVE;
				GCC_WARN_UNUSED_FUNCTION = YES;
				GCC_WARN_UNUSED_VARIABLE = YES;
				MACOSX_DEPLOYMENT_TARGET = 12.0;
				MTL_ENABLE_DEBUG_INFO = INCLUDE_SOURCE;
				MTL_FAST_MATH = YES;
				ONLY_ACTIVE_ARCH = YES;
				SDKROOT = macosx;
				SWIFT_ACTIVE_COMPILATION_CONDITIONS = DEBUG;
				SWIFT_OPTIMIZATION_LEVEL = "-Onone";
			};
			name = Debug;
		};
		BC7C3C34281F56F8003F4833 /* Release */ = {
			isa = XCBuildConfiguration;
			buildSettings = {
				ALWAYS_SEARCH_USER_PATHS = NO;
				CLANG_ANALYZER_NONNULL = YES;
				CLANG_ANALYZER_NUMBER_OBJECT_CONVERSION = YES_AGGRESSIVE;
				CLANG_CXX_LANGUAGE_STANDARD = "gnu++17";
				CLANG_ENABLE_MODULES = YES;
				CLANG_ENABLE_OBJC_ARC = YES;
				CLANG_ENABLE_OBJC_WEAK = YES;
				CLANG_WARN_BLOCK_CAPTURE_AUTORELEASING = YES;
				CLANG_WARN_BOOL_CONVERSION = YES;
				CLANG_WARN_COMMA = YES;
				CLANG_WARN_CONSTANT_CONVERSION = YES;
				CLANG_WARN_DEPRECATED_OBJC_IMPLEMENTATIONS = YES;
				CLANG_WARN_DIRECT_OBJC_ISA_USAGE = YES_ERROR;
				CLANG_WARN_DOCUMENTATION_COMMENTS = YES;
				CLANG_WARN_EMPTY_BODY = YES;
				CLANG_WARN_ENUM_CONVERSION = YES;
				CLANG_WARN_INFINITE_RECURSION = YES;
				CLANG_WARN_INT_CONVERSION = YES;
				CLANG_WARN_NON_LITERAL_NULL_CONVERSION = YES;
				CLANG_WARN_OBJC_IMPLICIT_RETAIN_SELF = YES;
				CLANG_WARN_OBJC_LITERAL_CONVERSION = YES;
				CLANG_WARN_OBJC_ROOT_CLASS = YES_ERROR;
				CLANG_WARN_QUOTED_INCLUDE_IN_FRAMEWORK_HEADER = YES;
				CLANG_WARN_RANGE_LOOP_ANALYSIS = YES;
				CLANG_WARN_STRICT_PROTOTYPES = YES;
				CLANG_WARN_SUSPICIOUS_MOVE = YES;
				CLANG_WARN_UNGUARDED_AVAILABILITY = YES_AGGRESSIVE;
				CLANG_WARN_UNREACHABLE_CODE = YES;
				CLANG_WARN__DUPLICATE_METHOD_MATCH = YES;
				COPY_PHASE_STRIP = NO;
				DEBUG_INFORMATION_FORMAT = "dwarf-with-dsym";
				ENABLE_NS_ASSERTIONS = NO;
				ENABLE_STRICT_OBJC_MSGSEND = YES;
				GCC_C_LANGUAGE_STANDARD = gnu11;
				GCC_NO_COMMON_BLOCKS = YES;
				GCC_WARN_64_TO_32_BIT_CONVERSION = YES;
				GCC_WARN_ABOUT_RETURN_TYPE = YES_ERROR;
				GCC_WARN_UNDECLARED_SELECTOR = YES;
				GCC_WARN_UNINITIALIZED_AUTOS = YES_AGGRESSIVE;
				GCC_WARN_UNUSED_FUNCTION = YES;
				GCC_WARN_UNUSED_VARIABLE = YES;
				MACOSX_DEPLOYMENT_TARGET = 12.0;
				MTL_ENABLE_DEBUG_INFO = NO;
				MTL_FAST_MATH = YES;
				SDKROOT = macosx;
				SWIFT_COMPILATION_MODE = wholemodule;
				SWIFT_OPTIMIZATION_LEVEL = "-O";
			};
			name = Release;
		};
		BC7C3C36281F56F8003F4833 /* Debug */ = {
			isa = XCBuildConfiguration;
			buildSettings = {
				CODE_SIGN_STYLE = Automatic;
				DEVELOPMENT_TEAM = A6HM92H898;
				ENABLE_HARDENED_RUNTIME = YES;
				PRODUCT_NAME = "$(TARGET_NAME)";
				SWIFT_VERSION = 5.0;
			};
			name = Debug;
		};
		BC7C3C37281F56F8003F4833 /* Release */ = {
			isa = XCBuildConfiguration;
			buildSettings = {
				CODE_SIGN_STYLE = Automatic;
				DEVELOPMENT_TEAM = A6HM92H898;
				ENABLE_HARDENED_RUNTIME = YES;
				PRODUCT_NAME = "$(TARGET_NAME)";
				SWIFT_VERSION = 5.0;
			};
			name = Release;
		};
		BC7C3C41281F5715003F4833 /* Debug */ = {
			isa = XCBuildConfiguration;
			buildSettings = {
				CODE_SIGN_STYLE = Automatic;
				CURRENT_PROJECT_VERSION = 1;
				DEVELOPMENT_TEAM = A6HM92H898;
				GENERATE_INFOPLIST_FILE = YES;
				MARKETING_VERSION = 1.0;
				PRODUCT_BUNDLE_IDENTIFIER = com.eddysong.AlgorithmTests;
				PRODUCT_NAME = "$(TARGET_NAME)";
				SWIFT_EMIT_LOC_STRINGS = NO;
				SWIFT_VERSION = 5.0;
			};
			name = Debug;
		};
		BC7C3C42281F5715003F4833 /* Release */ = {
			isa = XCBuildConfiguration;
			buildSettings = {
				CODE_SIGN_STYLE = Automatic;
				CURRENT_PROJECT_VERSION = 1;
				DEVELOPMENT_TEAM = A6HM92H898;
				GENERATE_INFOPLIST_FILE = YES;
				MARKETING_VERSION = 1.0;
				PRODUCT_BUNDLE_IDENTIFIER = com.eddysong.AlgorithmTests;
				PRODUCT_NAME = "$(TARGET_NAME)";
				SWIFT_EMIT_LOC_STRINGS = NO;
				SWIFT_VERSION = 5.0;
			};
			name = Release;
		};
/* End XCBuildConfiguration section */

/* Begin XCConfigurationList section */
		BC7C3C29281F56F8003F4833 /* Build configuration list for PBXProject "Algorithm_S3" */ = {
			isa = XCConfigurationList;
			buildConfigurations = (
				BC7C3C33281F56F8003F4833 /* Debug */,
				BC7C3C34281F56F8003F4833 /* Release */,
			);
			defaultConfigurationIsVisible = 0;
			defaultConfigurationName = Release;
		};
		BC7C3C35281F56F8003F4833 /* Build configuration list for PBXNativeTarget "Algorithm_S3" */ = {
			isa = XCConfigurationList;
			buildConfigurations = (
				BC7C3C36281F56F8003F4833 /* Debug */,
				BC7C3C37281F56F8003F4833 /* Release */,
			);
			defaultConfigurationIsVisible = 0;
			defaultConfigurationName = Release;
		};
		BC7C3C40281F5715003F4833 /* Build configuration list for PBXNativeTarget "AlgorithmTests" */ = {
			isa = XCConfigurationList;
			buildConfigurations = (
				BC7C3C41281F5715003F4833 /* Debug */,
				BC7C3C42281F5715003F4833 /* Release */,
			);
			defaultConfigurationIsVisible = 0;
			defaultConfigurationName = Release;
		};
/* End XCConfigurationList section */
	};
	rootObject = BC7C3C26281F56F8003F4833 /* Project object */;
}
