// !$*UTF8*$!
{
	archiveVersion = 1;
	classes = {
	};
	objectVersion = 55;
	objects = {

/* Begin PBXBuildFile section */
		BC0B745728224224007AE2B6 /* FindKthLargest.swift in Sources */ = {isa = PBXBuildFile; fileRef = BC0B745628224224007AE2B6 /* FindKthLargest.swift */; };
		BC0B745828224224007AE2B6 /* FindKthLargest.swift in Sources */ = {isa = PBXBuildFile; fileRef = BC0B745628224224007AE2B6 /* FindKthLargest.swift */; };
		BC0B745A282249D7007AE2B6 /* LCAofBinaryTree.swift in Sources */ = {isa = PBXBuildFile; fileRef = BC0B7459282249D7007AE2B6 /* LCAofBinaryTree.swift */; };
		BC0B745B282249D7007AE2B6 /* LCAofBinaryTree.swift in Sources */ = {isa = PBXBuildFile; fileRef = BC0B7459282249D7007AE2B6 /* LCAofBinaryTree.swift */; };
		BC7C3C32281F56F8003F4833 /* main.swift in Sources */ = {isa = PBXBuildFile; fileRef = BC7C3C31281F56F8003F4833 /* main.swift */; };
		BC7C3C3F281F5715003F4833 /* AlgorithmTests.swift in Sources */ = {isa = PBXBuildFile; fileRef = BC7C3C3E281F5715003F4833 /* AlgorithmTests.swift */; };
		BC7C3C44281F573C003F4833 /* EditTable.swift in Sources */ = {isa = PBXBuildFile; fileRef = BC7C3C43281F573C003F4833 /* EditTable.swift */; };
		BC7C3C45281F573D003F4833 /* EditTable.swift in Sources */ = {isa = PBXBuildFile; fileRef = BC7C3C43281F573C003F4833 /* EditTable.swift */; };
/* End PBXBuildFile section */

/* Begin PBXCopyFilesBuildPhase section */
		BC7C3C2C281F56F8003F4833 /* CopyFiles */ = {
			isa = PBXCopyFilesBuildPhase;
			buildActionMask = 2147483647;
			dstPath = /usr/share/man/man1/;
			dstSubfolderSpec = 0;
			files = (
			);
			runOnlyForDeploymentPostprocessing = 1;
		};
/* End PBXCopyFilesBuildPhase section */

/* Begin PBXFileReference section */
		BC0B745628224224007AE2B6 /* FindKthLargest.swift */ = {isa = PBXFileReference; lastKnownFileType = sourcecode.swift; path = FindKthLargest.swift; sourceTree = "<group>"; };
		BC0B7459282249D7007AE2B6 /* LCAofBinaryTree.swift */ = {isa = PBXFileReference; lastKnownFileType = sourcecode.swift; path = LCAofBinaryTree.swift; sourceTree = "<group>"; };
		BC7C3C2E281F56F8003F4833 /* Algorithm_S3 */ = {isa = PBXFileReference; explicitFileType = "compiled.mach-o.executable"; includeInIndex = 0; path = Algorithm_S3; sourceTree = BUILT_PRODUCTS_DIR; };
		BC7C3C31281F56F8003F4833 /* main.swift */ = {isa = PBXFileReference; lastKnownFileType = sourcecode.swift; path = main.swift; sourceTree = "<group>"; };
		BC7C3C3C281F5715003F4833 /* AlgorithmTests.xctest */ = {isa = PBXFileReference; explicitFileType = wrapper.cfbundle; includeInIndex = 0; path = AlgorithmTests.xctest; sourceTree = BUILT_PRODUCTS_DIR; };
		BC7C3C3E281F5715003F4833 /* AlgorithmTests.swift */ = {isa = PBXFileReference; lastKnownFileType = sourcecode.swift; path = AlgorithmTests.swift; sourceTree = "<group>"; };
		BC7C3C43281F573C003F4833 /* EditTable.swift */ = {isa = PBXFileReference; lastKnownFileType = sourcecode.swift; path = EditTable.swift; sourceTree = "<group>"; };
/* End PBXFileReference section */

/* Begin PBXFrameworksBuildPhase section */
		BC7C3C2B281F56F8003F4833 /* Frameworks */ = {
			isa = PBXFrameworksBuildPhase;
			buildActionMask = 2147483647;
			files = (
			);
			runOnlyForDeploymentPostprocessing = 0;
		};
		BC7C3C39281F5715003F4833 /* Frameworks */ = {
			isa = PBXFrameworksBuildPhase;
			buildActionMask = 2147483647;
			files = (
			);
			runOnlyForDeploymentPostprocessing = 0;
		};
/* End PBXFrameworksBuildPhase section */

/* Begin PBXGroup section */
		BC7C3C25281F56F8003F4833 = {
			isa = PBXGroup;
			children = (
				BC7C3C30281F56F8003F4833 /* Algorithm_S3 */,
				BC7C3C3D281F5715003F4833 /* AlgorithmTests */,
				BC7C3C2F281F56F8003F4833 /* Products */,
			);
			sourceTree = "<group>";
		};
		BC7C3C2F281F56F8003F4833 /* Products */ = {
			isa = PBXGroup;
			children = (
				BC7C3C2E281F56F8003F4833 /* Algorithm_S3 */,
				BC7C3C3C281F5715003F4833 /* AlgorithmTests.xctest */,
			);
			name = Products;
			sourceTree = "<group>";
		};
		BC7C3C30281F56F8003F4833 /* Algorithm_S3 */ = {
			isa = PBXGroup;
			children = (
				BC7C3C31281F56F8003F4833 /* main.swift */,
				BC7C3C43281F573C003F4833 /* EditTable.swift */,
				BC0B745628224224007AE2B6 /* FindKthLargest.swift */,
				BC0B7459282249D7007AE2B6 /* LCAofBinaryTree.swift */,
			);
			path = Algorithm_S3;
			sourceTree = "<group>";
		};
		BC7C3C3D281F5715003F4833 /* AlgorithmTests */ = {
			isa = PBXGroup;
			children = (
				BC7C3C3E281F5715003F4833 /* AlgorithmTests.swift */,
			);
			path = AlgorithmTests;
			sourceTree = "<group>";
		};
/* End PBXGroup section */

/* Begin PBXNativeTarget section */
		BC7C3C2D281F56F8003F4833 /* Algorithm_S3 */ = {
			isa = PBXNativeTarget;
			buildConfigurationList = BC7C3C35281F56F8003F4833 /* Build configuration list for PBXNativeTarget "Algorithm_S3" */;
			buildPhases = (
				BC7C3C2A281F56F8003F4833 /* Sources */,
				BC7C3C2B281F56F8003F4833 /* Frameworks */,
				BC7C3C2C281F56F8003F4833 /* CopyFiles */,
			);
			buildRules = (
			);
			dependencies = (
			);
			name = Algorithm_S3;
			productName = Algorithm_S3;
			productReference = BC7C3C2E281F56F8003F4833 /* Algorithm_S3 */;
			productType = "com.apple.product-type.tool";
		};
		BC7C3C3B281F5715003F4833 /* AlgorithmTests */ = {
			isa = PBXNativeTarget;
			buildConfigurationList = BC7C3C40281F5715003F4833 /* Build configuration list for PBXNativeTarget "AlgorithmTests" */;
			buildPhases = (
				BC7C3C38281F5715003F4833 /* Sources */,
				BC7C3C39281F5715003F4833 /* Frameworks */,
				BC7C3C3A281F5715003F4833 /* Resources */,
			);
			buildRules = (
			);
			dependencies = (
			);
			name = AlgorithmTests;
			productName = AlgorithmTests;
			productReference = BC7C3C3C281F5715003F4833 /* AlgorithmTests.xctest */;
			productType = "com.apple.product-type.bundle.unit-test";
		};
/* End PBXNativeTarget section */

/* Begin PBXProject section */
		BC7C3C26281F56F8003F4833 /* Project object */ = {
			isa = PBXProject;
			attributes = {
				BuildIndependentTargetsInParallel = 1;
				LastSwiftUpdateCheck = 1330;
				LastUpgradeCheck = 1330;
				TargetAttributes = {
					BC7C3C2D281F56F8003F4833 = {
						CreatedOnToolsVersion = 13.3;
					};
					BC7C3C3B281F5715003F4833 = {
						CreatedOnToolsVersion = 13.3;
					};
				};
			};
			buildConfigurationList = BC7C3C29281F56F8003F4833 /* Build configuration list for PBXProject "Algorithm_S3" */;
			compatibilityVersion = "Xcode 13.0";
			developmentRegion = en;
			hasScannedForEncodings = 0;
			knownRegions = (
				en,
				Base,
			);
			mainGroup = BC7C3C25281F56F8003F4833;
			productRefGroup = BC7C3C2F281F56F8003F4833 /* Products */;
			projectDirPath = "";
			projectRoot = "";
			targets = (
				BC7C3C2D281F56F8003F4833 /* Algorithm_S3 */,
				BC7C3C3B281F5715003F4833 /* AlgorithmTests */,
			);
		};
/* End PBXProject section */

/* Begin PBXResourcesBuildPhase section */
		BC7C3C3A281F5715003F4833 /* Resources */ = {
			isa = PBXResourcesBuildPhase;
			buildActionMask = 2147483647;
			files = (
			);
			runOnlyForDeploymentPostprocessing = 0;
		};
/* End PBXResourcesBuildPhase section */

/* Begin PBXSourcesBuildPhase section */
		BC7C3C2A281F56F8003F4833 /* Sources */ = {
			isa = PBXSourcesBuildPhase;
			buildActionMask = 2147483647;
			files = (
				BC0B745728224224007AE2B6 /* FindKthLargest.swift in Sources */,
				BC7C3C44281F573C003F4833 /* EditTable.swift in Sources */,
				BC0B745A282249D7007AE2B6 /* LCAofBinaryTree.swift in Sources */,
				BC7C3C32281F56F8003F4833 /* main.swift in Sources */,
			);
			runOnlyForDeploymentPostprocessing = 0;
		};
		BC7C3C38281F5715003F4833 /* Sources */ = {
			isa = PBXSourcesBuildPhase;
			buildActionMask = 2147483647;
			files = (
				BC0B745828224224007AE2B6 /* FindKthLargest.swift in Sources */,
				BC7C3C45281F573D003F4833 /* EditTable.swift in Sources */,
				BC0B745B282249D7007AE2B6 /* LCAofBinaryTree.swift in Sources */,
				BC7C3C3F281F5715003F4833 /* AlgorithmTests.swift in Sources */,
			);
			runOnlyForDeploymentPostprocessing = 0;
		};
/* End PBXSourcesBuildPhase section */

/* Begin XCBuildConfiguration section */
		BC7C3C33281F56F8003F4833 /* Debug */ = {
			isa = XCBuildConfiguration;
			buildSettings = {
				ALWAYS_SEARCH_USER_PATHS = NO;
				CLANG_ANALYZER_NONNULL = YES;
				CLANG_ANALYZER_NUMBER_OBJECT_CONVERSION = YES_AGGRESSIVE;
				CLANG_CXX_LANGUAGE_STANDARD = "gnu++17";
				CLANG_ENABLE_MODULES = YES;
				CLANG_ENABLE_OBJC_ARC = YES;
				CLANG_ENABLE_OBJC_WEAK = YES;
				CLANG_WARN_BLOCK_CAPTURE_AUTORELEASING = YES;
				CLANG_WARN_BOOL_CONVERSION = YES;
				CLANG_WARN_COMMA = YES;
				CLANG_WARN_CONSTANT_CONVERSION = YES;
				CLANG_WARN_DEPRECATED_OBJC_IMPLEMENTATIONS = YES;
				CLANG_WARN_DIRECT_OBJC_ISA_USAGE = YES_ERROR;
				CLANG_WARN_DOCUMENTATION_COMMENTS = YES;
				CLANG_WARN_EMPTY_BODY = YES;
				CLANG_WARN_ENUM_CONVERSION = YES;
				CLANG_WARN_INFINITE_RECURSION = YES;
				CLANG_WARN_INT_CONVERSION = YES;
				CLANG_WARN_NON_LITERAL_NULL_CONVERSION = YES;
				CLANG_WARN_OBJC_IMPLICIT_RETAIN_SELF = YES;
				CLANG_WARN_OBJC_LITERAL_CONVERSION = YES;
				CLANG_WARN_OBJC_ROOT_CLASS = YES_ERROR;
				CLANG_WARN_QUOTED_INCLUDE_IN_FRAMEWORK_HEADER = YES;
				CLANG_WARN_RANGE_LOOP_ANALYSIS = YES;
				CLANG_WARN_STRICT_PROTOTYPES = YES;
				CLANG_WARN_SUSPICIOUS_MOVE = YES;
				CLANG_WARN_UNGUARDED_AVAILABILITY = YES_AGGRESSIVE;
				CLANG_WARN_UNREACHABLE_CODE = YES;
				CLANG_WARN__DUPLICATE_METHOD_MATCH = YES;
				COPY_PHASE_STRIP = NO;
				DEBUG_INFORMATION_FORMAT = dwarf;
				ENABLE_STRICT_OBJC_MSGSEND = YES;
				ENABLE_TESTABILITY = YES;
				GCC_C_LANGUAGE_STANDARD = gnu11;
				GCC_DYNAMIC_NO_PIC = NO;
				GCC_NO_COMMON_BLOCKS = YES;
				GCC_OPTIMIZATION_LEVEL = 0;
				GCC_PREPROCESSOR_DEFINITIONS = (
					"DEBUG=1",
					"$(inherited)",
				);
				GCC_WARN_64_TO_32_BIT_CONVERSION = YES;
				GCC_WARN_ABOUT_RETURN_TYPE = YES_ERROR;
				GCC_WARN_UNDECLARED_SELECTOR = YES;
				GCC_WARN_UNINITIALIZED_AUTOS = YES_AGGRESSIVE;
				GCC_WARN_UNUSED_FUNCTION = YES;
				GCC_WARN_UNUSED_VARIABLE = YES;
				MACOSX_DEPLOYMENT_TARGET = 12.0;
				MTL_ENABLE_DEBUG_INFO = INCLUDE_SOURCE;
				MTL_FAST_MATH = YES;
				ONLY_ACTIVE_ARCH = YES;
				SDKROOT = macosx;
				SWIFT_ACTIVE_COMPILATION_CONDITIONS = DEBUG;
				SWIFT_OPTIMIZATION_LEVEL = "-Onone";
			};
			name = Debug;
		};
		BC7C3C34281F56F8003F4833 /* Release */ = {
			isa = XCBuildConfiguration;
			buildSettings = {
				ALWAYS_SEARCH_USER_PATHS = NO;
				CLANG_ANALYZER_NONNULL = YES;
				CLANG_ANALYZER_NUMBER_OBJECT_CONVERSION = YES_AGGRESSIVE;
				CLANG_CXX_LANGUAGE_STANDARD = "gnu++17";
				CLANG_ENABLE_MODULES = YES;
				CLANG_ENABLE_OBJC_ARC = YES;
				CLANG_ENABLE_OBJC_WEAK = YES;
				CLANG_WARN_BLOCK_CAPTURE_AUTORELEASING = YES;
				CLANG_WARN_BOOL_CONVERSION = YES;
				CLANG_WARN_COMMA = YES;
				CLANG_WARN_CONSTANT_CONVERSION = YES;
				CLANG_WARN_DEPRECATED_OBJC_IMPLEMENTATIONS = YES;
				CLANG_WARN_DIRECT_OBJC_ISA_USAGE = YES_ERROR;
				CLANG_WARN_DOCUMENTATION_COMMENTS = YES;
				CLANG_WARN_EMPTY_BODY = YES;
				CLANG_WARN_ENUM_CONVERSION = YES;
				CLANG_WARN_INFINITE_RECURSION = YES;
				CLANG_WARN_INT_CONVERSION = YES;
				CLANG_WARN_NON_LITERAL_NULL_CONVERSION = YES;
				CLANG_WARN_OBJC_IMPLICIT_RETAIN_SELF = YES;
				CLANG_WARN_OBJC_LITERAL_CONVERSION = YES;
				CLANG_WARN_OBJC_ROOT_CLASS = YES_ERROR;
				CLANG_WARN_QUOTED_INCLUDE_IN_FRAMEWORK_HEADER = YES;
				CLANG_WARN_RANGE_LOOP_ANALYSIS = YES;
				CLANG_WARN_STRICT_PROTOTYPES = YES;
				CLANG_WARN_SUSPICIOUS_MOVE = YES;
				CLANG_WARN_UNGUARDED_AVAILABILITY = YES_AGGRESSIVE;
				CLANG_WARN_UNREACHABLE_CODE = YES;
				CLANG_WARN__DUPLICATE_METHOD_MATCH = YES;
				COPY_PHASE_STRIP = NO;
				DEBUG_INFORMATION_FORMAT = "dwarf-with-dsym";
				ENABLE_NS_ASSERTIONS = NO;
				ENABLE_STRICT_OBJC_MSGSEND = YES;
				GCC_C_LANGUAGE_STANDARD = gnu11;
				GCC_NO_COMMON_BLOCKS = YES;
				GCC_WARN_64_TO_32_BIT_CONVERSION = YES;
				GCC_WARN_ABOUT_RETURN_TYPE = YES_ERROR;
				GCC_WARN_UNDECLARED_SELECTOR = YES;
				GCC_WARN_UNINITIALIZED_AUTOS = YES_AGGRESSIVE;
				GCC_WARN_UNUSED_FUNCTION = YES;
				GCC_WARN_UNUSED_VARIABLE = YES;
				MACOSX_DEPLOYMENT_TARGET = 12.0;
				MTL_ENABLE_DEBUG_INFO = NO;
				MTL_FAST_MATH = YES;
				SDKROOT = macosx;
				SWIFT_COMPILATION_MODE = wholemodule;
				SWIFT_OPTIMIZATION_LEVEL = "-O";
			};
			name = Release;
		};
		BC7C3C36281F56F8003F4833 /* Debug */ = {
			isa = XCBuildConfiguration;
			buildSettings = {
				CODE_SIGN_STYLE = Automatic;
				DEVELOPMENT_TEAM = A6HM92H898;
				ENABLE_HARDENED_RUNTIME = YES;
				PRODUCT_NAME = "$(TARGET_NAME)";
				SWIFT_VERSION = 5.0;
			};
			name = Debug;
		};
		BC7C3C37281F56F8003F4833 /* Release */ = {
			isa = XCBuildConfiguration;
			buildSettings = {
				CODE_SIGN_STYLE = Automatic;
				DEVELOPMENT_TEAM = A6HM92H898;
				ENABLE_HARDENED_RUNTIME = YES;
				PRODUCT_NAME = "$(TARGET_NAME)";
				SWIFT_VERSION = 5.0;
			};
			name = Release;
		};
		BC7C3C41281F5715003F4833 /* Debug */ = {
			isa = XCBuildConfiguration;
			buildSettings = {
				CODE_SIGN_STYLE = Automatic;
				CURRENT_PROJECT_VERSION = 1;
				DEVELOPMENT_TEAM = A6HM92H898;
				GENERATE_INFOPLIST_FILE = YES;
				MARKETING_VERSION = 1.0;
				PRODUCT_BUNDLE_IDENTIFIER = com.eddysong.AlgorithmTests;
				PRODUCT_NAME = "$(TARGET_NAME)";
				SWIFT_EMIT_LOC_STRINGS = NO;
				SWIFT_VERSION = 5.0;
			};
			name = Debug;
		};
		BC7C3C42281F5715003F4833 /* Release */ = {
			isa = XCBuildConfiguration;
			buildSettings = {
				CODE_SIGN_STYLE = Automatic;
				CURRENT_PROJECT_VERSION = 1;
				DEVELOPMENT_TEAM = A6HM92H898;
				GENERATE_INFOPLIST_FILE = YES;
				MARKETING_VERSION = 1.0;
				PRODUCT_BUNDLE_IDENTIFIER = com.eddysong.AlgorithmTests;
				PRODUCT_NAME = "$(TARGET_NAME)";
				SWIFT_EMIT_LOC_STRINGS = NO;
				SWIFT_VERSION = 5.0;
			};
			name = Release;
		};
/* End XCBuildConfiguration section */

/* Begin XCConfigurationList section */
		BC7C3C29281F56F8003F4833 /* Build configuration list for PBXProject "Algorithm_S3" */ = {
			isa = XCConfigurationList;
			buildConfigurations = (
				BC7C3C33281F56F8003F4833 /* Debug */,
				BC7C3C34281F56F8003F4833 /* Release */,
			);
			defaultConfigurationIsVisible = 0;
			defaultConfigurationName = Release;
		};
		BC7C3C35281F56F8003F4833 /* Build configuration list for PBXNativeTarget "Algorithm_S3" */ = {
			isa = XCConfigurationList;
			buildConfigurations = (
				BC7C3C36281F56F8003F4833 /* Debug */,
				BC7C3C37281F56F8003F4833 /* Release */,
			);
			defaultConfigurationIsVisible = 0;
			defaultConfigurationName = Release;
		};
		BC7C3C40281F5715003F4833 /* Build configuration list for PBXNativeTarget "AlgorithmTests" */ = {
			isa = XCConfigurationList;
			buildConfigurations = (
				BC7C3C41281F5715003F4833 /* Debug */,
				BC7C3C42281F5715003F4833 /* Release */,
			);
			defaultConfigurationIsVisible = 0;
			defaultConfigurationName = Release;
		};
/* End XCConfigurationList section */
	};
	rootObject = BC7C3C26281F56F8003F4833 /* Project object */;
}
