// !$*UTF8*$!
{
	archiveVersion = 1;
	classes = {
	};
	objectVersion = 55;
	objects = {

/* Begin PBXBuildFile section */
		528D505C2734E0150037B7B9 /* main.swift in Sources */ = {isa = PBXBuildFile; fileRef = 528D505B2734E0150037B7B9 /* main.swift */; };
		528D50632734E0640037B7B9 /* p1000.swift in Sources */ = {isa = PBXBuildFile; fileRef = 528D50622734E0640037B7B9 /* p1000.swift */; };
		528D50712734EB0F0037B7B9 /* p1000.swift in Sources */ = {isa = PBXBuildFile; fileRef = 528D50622734E0640037B7B9 /* p1000.swift */; };
		528FA725273E09310018C2A1 /* p1008.swift in Sources */ = {isa = PBXBuildFile; fileRef = 52A6E7572734EE8C009210A4 /* p1008.swift */; };
		528FA726273E09310018C2A1 /* p2438.swift in Sources */ = {isa = PBXBuildFile; fileRef = 52A6E7592734F267009210A4 /* p2438.swift */; };
		528FA727273E09310018C2A1 /* p11654.swift in Sources */ = {isa = PBXBuildFile; fileRef = 52A6E75F27350733009210A4 /* p11654.swift */; };
		528FA728273E09310018C2A1 /* p8958.swift in Sources */ = {isa = PBXBuildFile; fileRef = 52A6E75D2735000D009210A4 /* p8958.swift */; };
		528FA729273E09310018C2A1 /* p2920.swift in Sources */ = {isa = PBXBuildFile; fileRef = 52A6E75B2734F3C6009210A4 /* p2920.swift */; };
		528FA72C273E094E0018C2A1 /* 나누어 떨어지는 숫자 배열.swift in Sources */ = {isa = PBXBuildFile; fileRef = 528FA72B273E094E0018C2A1 /* 나누어 떨어지는 숫자 배열.swift */; };
		52A6E7582734EE8C009210A4 /* p1008.swift in Sources */ = {isa = PBXBuildFile; fileRef = 52A6E7572734EE8C009210A4 /* p1008.swift */; };
		52A6E75A2734F267009210A4 /* p2438.swift in Sources */ = {isa = PBXBuildFile; fileRef = 52A6E7592734F267009210A4 /* p2438.swift */; };
		52A6E75C2734F3C6009210A4 /* p2920.swift in Sources */ = {isa = PBXBuildFile; fileRef = 52A6E75B2734F3C6009210A4 /* p2920.swift */; };
		52A6E75E2735000D009210A4 /* p8958.swift in Sources */ = {isa = PBXBuildFile; fileRef = 52A6E75D2735000D009210A4 /* p8958.swift */; };
		52A6E76027350733009210A4 /* p11654.swift in Sources */ = {isa = PBXBuildFile; fileRef = 52A6E75F27350733009210A4 /* p11654.swift */; };
		BC1AECFD2743CDF100920813 /* MaximumSubarray.swift in Sources */ = {isa = PBXBuildFile; fileRef = BC1AECFC2743CDF100920813 /* MaximumSubarray.swift */; };
		BC3EBAC527473CE500CCE101 /* RiverSize.swift in Sources */ = {isa = PBXBuildFile; fileRef = BC3EBAC427473CE500CCE101 /* RiverSize.swift */; };
		BC3EBAC727473D0F00CCE101 /* MergeTwoArray.swift in Sources */ = {isa = PBXBuildFile; fileRef = BC3EBAC627473D0F00CCE101 /* MergeTwoArray.swift */; };
		BC3EBAC927473F5400CCE101 /* Grading.swift in Sources */ = {isa = PBXBuildFile; fileRef = BC3EBAC827473F5400CCE101 /* Grading.swift */; };
		BC3EBACB274749BB00CCE101 /* compareTriplets.swift in Sources */ = {isa = PBXBuildFile; fileRef = BC3EBACA274749BB00CCE101 /* compareTriplets.swift */; };
		BC3EBACD27474B4200CCE101 /* aVeryBigSum.swift in Sources */ = {isa = PBXBuildFile; fileRef = BC3EBACC27474B4200CCE101 /* aVeryBigSum.swift */; };
		BC3EBACF27475AA600CCE101 /* timeConversion.swift in Sources */ = {isa = PBXBuildFile; fileRef = BC3EBACE27475AA600CCE101 /* timeConversion.swift */; };
		BC3EBAD1274760AA00CCE101 /* NumberLineJumps.swift in Sources */ = {isa = PBXBuildFile; fileRef = BC3EBAD0274760AA00CCE101 /* NumberLineJumps.swift */; };
		BC7CF372273E2E1A00531D45 /* 크레인 인형뽑기 게임.swift in Sources */ = {isa = PBXBuildFile; fileRef = BC7CF371273E2E1A00531D45 /* 크레인 인형뽑기 게임.swift */; };
		BC7CF374273E3BF100531D45 /* 두 개 뽑아서 더하기.swift in Sources */ = {isa = PBXBuildFile; fileRef = BC7CF373273E3BF100531D45 /* 두 개 뽑아서 더하기.swift */; };
		BC7CF376273E451400531D45 /* 모의고사.swift in Sources */ = {isa = PBXBuildFile; fileRef = BC7CF375273E451400531D45 /* 모의고사.swift */; };
		BC7CF378273E4DE200531D45 /* 2016년.swift in Sources */ = {isa = PBXBuildFile; fileRef = BC7CF377273E4DE200531D45 /* 2016년.swift */; };
		BC7CF37A273F848500531D45 /* 약수의 합.swift in Sources */ = {isa = PBXBuildFile; fileRef = BC7CF379273F848500531D45 /* 약수의 합.swift */; };
/* End PBXBuildFile section */

/* Begin PBXCopyFilesBuildPhase section */
		528D50562734E0150037B7B9 /* CopyFiles */ = {
			isa = PBXCopyFilesBuildPhase;
			buildActionMask = 2147483647;
			dstPath = /usr/share/man/man1/;
			dstSubfolderSpec = 0;
			files = (
			);
			runOnlyForDeploymentPostprocessing = 1;
		};
/* End PBXCopyFilesBuildPhase section */

/* Begin PBXFileReference section */
		528D50582734E0150037B7B9 /* cocoa-friday-algorithm */ = {isa = PBXFileReference; explicitFileType = "compiled.mach-o.executable"; includeInIndex = 0; path = "cocoa-friday-algorithm"; sourceTree = BUILT_PRODUCTS_DIR; };
		528D505B2734E0150037B7B9 /* main.swift */ = {isa = PBXFileReference; lastKnownFileType = sourcecode.swift; path = main.swift; sourceTree = "<group>"; };
		528D50622734E0640037B7B9 /* p1000.swift */ = {isa = PBXFileReference; lastKnownFileType = sourcecode.swift; path = p1000.swift; sourceTree = "<group>"; };
		528D50682734E4510037B7B9 /* problemTests.xctest */ = {isa = PBXFileReference; explicitFileType = wrapper.cfbundle; includeInIndex = 0; path = problemTests.xctest; sourceTree = BUILT_PRODUCTS_DIR; };
		528FA72B273E094E0018C2A1 /* 나누어 떨어지는 숫자 배열.swift */ = {isa = PBXFileReference; lastKnownFileType = sourcecode.swift; path = "나누어 떨어지는 숫자 배열.swift"; sourceTree = "<group>"; };
		52A6E7572734EE8C009210A4 /* p1008.swift */ = {isa = PBXFileReference; lastKnownFileType = sourcecode.swift; path = p1008.swift; sourceTree = "<group>"; };
		52A6E7592734F267009210A4 /* p2438.swift */ = {isa = PBXFileReference; lastKnownFileType = sourcecode.swift; path = p2438.swift; sourceTree = "<group>"; };
		52A6E75B2734F3C6009210A4 /* p2920.swift */ = {isa = PBXFileReference; lastKnownFileType = sourcecode.swift; path = p2920.swift; sourceTree = "<group>"; };
		52A6E75D2735000D009210A4 /* p8958.swift */ = {isa = PBXFileReference; lastKnownFileType = sourcecode.swift; path = p8958.swift; sourceTree = "<group>"; };
		52A6E75F27350733009210A4 /* p11654.swift */ = {isa = PBXFileReference; lastKnownFileType = sourcecode.swift; path = p11654.swift; sourceTree = "<group>"; };
		BC1AECFC2743CDF100920813 /* MaximumSubarray.swift */ = {isa = PBXFileReference; lastKnownFileType = sourcecode.swift; path = MaximumSubarray.swift; sourceTree = "<group>"; };
		BC3EBAC427473CE500CCE101 /* RiverSize.swift */ = {isa = PBXFileReference; lastKnownFileType = sourcecode.swift; path = RiverSize.swift; sourceTree = "<group>"; };
		BC3EBAC627473D0F00CCE101 /* MergeTwoArray.swift */ = {isa = PBXFileReference; lastKnownFileType = sourcecode.swift; path = MergeTwoArray.swift; sourceTree = "<group>"; };
		BC3EBAC827473F5400CCE101 /* Grading.swift */ = {isa = PBXFileReference; lastKnownFileType = sourcecode.swift; path = Grading.swift; sourceTree = "<group>"; };
		BC3EBACA274749BB00CCE101 /* compareTriplets.swift */ = {isa = PBXFileReference; lastKnownFileType = sourcecode.swift; path = compareTriplets.swift; sourceTree = "<group>"; };
		BC3EBACC27474B4200CCE101 /* aVeryBigSum.swift */ = {isa = PBXFileReference; lastKnownFileType = sourcecode.swift; path = aVeryBigSum.swift; sourceTree = "<group>"; };
		BC3EBACE27475AA600CCE101 /* timeConversion.swift */ = {isa = PBXFileReference; lastKnownFileType = sourcecode.swift; path = timeConversion.swift; sourceTree = "<group>"; };
		BC3EBAD0274760AA00CCE101 /* NumberLineJumps.swift */ = {isa = PBXFileReference; lastKnownFileType = sourcecode.swift; path = NumberLineJumps.swift; sourceTree = "<group>"; };
		BC7CF371273E2E1A00531D45 /* 크레인 인형뽑기 게임.swift */ = {isa = PBXFileReference; lastKnownFileType = sourcecode.swift; path = "크레인 인형뽑기 게임.swift"; sourceTree = "<group>"; };
		BC7CF373273E3BF100531D45 /* 두 개 뽑아서 더하기.swift */ = {isa = PBXFileReference; lastKnownFileType = sourcecode.swift; path = "두 개 뽑아서 더하기.swift"; sourceTree = "<group>"; };
		BC7CF375273E451400531D45 /* 모의고사.swift */ = {isa = PBXFileReference; lastKnownFileType = sourcecode.swift; path = "모의고사.swift"; sourceTree = "<group>"; };
		BC7CF377273E4DE200531D45 /* 2016년.swift */ = {isa = PBXFileReference; lastKnownFileType = sourcecode.swift; path = "2016년.swift"; sourceTree = "<group>"; };
		BC7CF379273F848500531D45 /* 약수의 합.swift */ = {isa = PBXFileReference; lastKnownFileType = sourcecode.swift; path = "약수의 합.swift"; sourceTree = "<group>"; };
/* End PBXFileReference section */

/* Begin PBXFrameworksBuildPhase section */
		528D50552734E0150037B7B9 /* Frameworks */ = {
			isa = PBXFrameworksBuildPhase;
			buildActionMask = 2147483647;
			files = (
			);
			runOnlyForDeploymentPostprocessing = 0;
		};
		528D50652734E4510037B7B9 /* Frameworks */ = {
			isa = PBXFrameworksBuildPhase;
			buildActionMask = 2147483647;
			files = (
			);
			runOnlyForDeploymentPostprocessing = 0;
		};
/* End PBXFrameworksBuildPhase section */

/* Begin PBXGroup section */
		528D504F2734E0150037B7B9 = {
			isa = PBXGroup;
			children = (
				528D505A2734E0150037B7B9 /* cocoa-friday-algorithm */,
				528D50592734E0150037B7B9 /* Products */,
			);
			sourceTree = "<group>";
		};
		528D50592734E0150037B7B9 /* Products */ = {
			isa = PBXGroup;
			children = (
				528D50582734E0150037B7B9 /* cocoa-friday-algorithm */,
				528D50682734E4510037B7B9 /* problemTests.xctest */,
			);
			name = Products;
			sourceTree = "<group>";
		};
		528D505A2734E0150037B7B9 /* cocoa-friday-algorithm */ = {
			isa = PBXGroup;
			children = (
				528D505B2734E0150037B7B9 /* main.swift */,
				528FA72A273E09370018C2A1 /* week2 */,
				528FA724273E09200018C2A1 /* week1 */,
				BC1AECFB2743CDC600920813 /* etc. */,
			);
			path = "cocoa-friday-algorithm";
			sourceTree = "<group>";
		};
		528FA724273E09200018C2A1 /* week1 */ = {
			isa = PBXGroup;
			children = (
				528D50622734E0640037B7B9 /* p1000.swift */,
				52A6E7572734EE8C009210A4 /* p1008.swift */,
				52A6E7592734F267009210A4 /* p2438.swift */,
				52A6E75B2734F3C6009210A4 /* p2920.swift */,
				52A6E75D2735000D009210A4 /* p8958.swift */,
				52A6E75F27350733009210A4 /* p11654.swift */,
			);
			path = week1;
			sourceTree = "<group>";
		};
		528FA72A273E09370018C2A1 /* week2 */ = {
			isa = PBXGroup;
			children = (
				528FA72B273E094E0018C2A1 /* 나누어 떨어지는 숫자 배열.swift */,
				BC7CF371273E2E1A00531D45 /* 크레인 인형뽑기 게임.swift */,
				BC7CF373273E3BF100531D45 /* 두 개 뽑아서 더하기.swift */,
				BC7CF375273E451400531D45 /* 모의고사.swift */,
				BC7CF377273E4DE200531D45 /* 2016년.swift */,
				BC7CF379273F848500531D45 /* 약수의 합.swift */,
			);
			path = week2;
			sourceTree = "<group>";
		};
		BC1AECFB2743CDC600920813 /* etc. */ = {
			isa = PBXGroup;
			children = (
				BC1AECFC2743CDF100920813 /* MaximumSubarray.swift */,
				BC3EBAC427473CE500CCE101 /* RiverSize.swift */,
				BC3EBAC627473D0F00CCE101 /* MergeTwoArray.swift */,
				BC3EBAC827473F5400CCE101 /* Grading.swift */,
				BC3EBACA274749BB00CCE101 /* compareTriplets.swift */,
				BC3EBACC27474B4200CCE101 /* aVeryBigSum.swift */,
				BC3EBACE27475AA600CCE101 /* timeConversion.swift */,
				BC3EBAD0274760AA00CCE101 /* NumberLineJumps.swift */,
			);
			path = etc.;
			sourceTree = "<group>";
		};
/* End PBXGroup section */

/* Begin PBXNativeTarget section */
		528D50572734E0150037B7B9 /* cocoa-friday-algorithm */ = {
			isa = PBXNativeTarget;
			buildConfigurationList = 528D505F2734E0150037B7B9 /* Build configuration list for PBXNativeTarget "cocoa-friday-algorithm" */;
			buildPhases = (
				528D50542734E0150037B7B9 /* Sources */,
				528D50552734E0150037B7B9 /* Frameworks */,
				528D50562734E0150037B7B9 /* CopyFiles */,
			);
			buildRules = (
			);
			dependencies = (
			);
			name = "cocoa-friday-algorithm";
			productName = "cocoa-friday-algorithm";
			productReference = 528D50582734E0150037B7B9 /* cocoa-friday-algorithm */;
			productType = "com.apple.product-type.tool";
		};
		528D50672734E4510037B7B9 /* problemTests */ = {
			isa = PBXNativeTarget;
			buildConfigurationList = 528D506C2734E4510037B7B9 /* Build configuration list for PBXNativeTarget "problemTests" */;
			buildPhases = (
				528D50642734E4510037B7B9 /* Sources */,
				528D50652734E4510037B7B9 /* Frameworks */,
				528D50662734E4510037B7B9 /* Resources */,
			);
			buildRules = (
			);
			dependencies = (
			);
			name = problemTests;
			productName = problemTests;
			productReference = 528D50682734E4510037B7B9 /* problemTests.xctest */;
			productType = "com.apple.product-type.bundle.unit-test";
		};
/* End PBXNativeTarget section */

/* Begin PBXProject section */
		528D50502734E0150037B7B9 /* Project object */ = {
			isa = PBXProject;
			attributes = {
				BuildIndependentTargetsInParallel = 1;
				LastSwiftUpdateCheck = 1300;
				LastUpgradeCheck = 1310;
				TargetAttributes = {
					528D50572734E0150037B7B9 = {
						CreatedOnToolsVersion = 13.0;
					};
					528D50672734E4510037B7B9 = {
						CreatedOnToolsVersion = 13.0;
					};
				};
			};
			buildConfigurationList = 528D50532734E0150037B7B9 /* Build configuration list for PBXProject "cocoa-friday-algorithm" */;
			compatibilityVersion = "Xcode 13.0";
			developmentRegion = en;
			hasScannedForEncodings = 0;
			knownRegions = (
				en,
				Base,
			);
			mainGroup = 528D504F2734E0150037B7B9;
			productRefGroup = 528D50592734E0150037B7B9 /* Products */;
			projectDirPath = "";
			projectRoot = "";
			targets = (
				528D50572734E0150037B7B9 /* cocoa-friday-algorithm */,
				528D50672734E4510037B7B9 /* problemTests */,
			);
		};
/* End PBXProject section */

/* Begin PBXResourcesBuildPhase section */
		528D50662734E4510037B7B9 /* Resources */ = {
			isa = PBXResourcesBuildPhase;
			buildActionMask = 2147483647;
			files = (
			);
			runOnlyForDeploymentPostprocessing = 0;
		};
/* End PBXResourcesBuildPhase section */

/* Begin PBXSourcesBuildPhase section */
		528D50542734E0150037B7B9 /* Sources */ = {
			isa = PBXSourcesBuildPhase;
			buildActionMask = 2147483647;
			files = (
				52A6E75E2735000D009210A4 /* p8958.swift in Sources */,
				BC7CF374273E3BF100531D45 /* 두 개 뽑아서 더하기.swift in Sources */,
				BC7CF376273E451400531D45 /* 모의고사.swift in Sources */,
				528D505C2734E0150037B7B9 /* main.swift in Sources */,
				528FA72C273E094E0018C2A1 /* 나누어 떨어지는 숫자 배열.swift in Sources */,
				BC3EBAC527473CE500CCE101 /* RiverSize.swift in Sources */,
				BC7CF378273E4DE200531D45 /* 2016년.swift in Sources */,
				BC3EBAC727473D0F00CCE101 /* MergeTwoArray.swift in Sources */,
				52A6E7582734EE8C009210A4 /* p1008.swift in Sources */,
				BC1AECFD2743CDF100920813 /* MaximumSubarray.swift in Sources */,
				BC3EBAD1274760AA00CCE101 /* NumberLineJumps.swift in Sources */,
				528D50632734E0640037B7B9 /* p1000.swift in Sources */,
				52A6E75A2734F267009210A4 /* p2438.swift in Sources */,
				BC3EBACD27474B4200CCE101 /* aVeryBigSum.swift in Sources */,
				BC3EBAC927473F5400CCE101 /* Grading.swift in Sources */,
				52A6E76027350733009210A4 /* p11654.swift in Sources */,
				BC7CF372273E2E1A00531D45 /* 크레인 인형뽑기 게임.swift in Sources */,
				BC3EBACF27475AA600CCE101 /* timeConversion.swift in Sources */,
				52A6E75C2734F3C6009210A4 /* p2920.swift in Sources */,
				BC3EBACB274749BB00CCE101 /* compareTriplets.swift in Sources */,
				BC7CF37A273F848500531D45 /* 약수의 합.swift in Sources */,
			);
			runOnlyForDeploymentPostprocessing = 0;
		};
		528D50642734E4510037B7B9 /* Sources */ = {
			isa = PBXSourcesBuildPhase;
			buildActionMask = 2147483647;
			files = (
				528FA727273E09310018C2A1 /* p11654.swift in Sources */,
				528D50712734EB0F0037B7B9 /* p1000.swift in Sources */,
				528FA725273E09310018C2A1 /* p1008.swift in Sources */,
				528FA729273E09310018C2A1 /* p2920.swift in Sources */,
				528FA728273E09310018C2A1 /* p8958.swift in Sources */,
				528FA726273E09310018C2A1 /* p2438.swift in Sources */,
			);
			runOnlyForDeploymentPostprocessing = 0;
		};
/* End PBXSourcesBuildPhase section */

/* Begin XCBuildConfiguration section */
		528D505D2734E0150037B7B9 /* Debug */ = {
			isa = XCBuildConfiguration;
			buildSettings = {
				ALWAYS_SEARCH_USER_PATHS = NO;
				CLANG_ANALYZER_NONNULL = YES;
				CLANG_ANALYZER_NUMBER_OBJECT_CONVERSION = YES_AGGRESSIVE;
				CLANG_CXX_LANGUAGE_STANDARD = "gnu++17";
				CLANG_CXX_LIBRARY = "libc++";
				CLANG_ENABLE_MODULES = YES;
				CLANG_ENABLE_OBJC_ARC = YES;
				CLANG_ENABLE_OBJC_WEAK = YES;
				CLANG_WARN_BLOCK_CAPTURE_AUTORELEASING = YES;
				CLANG_WARN_BOOL_CONVERSION = YES;
				CLANG_WARN_COMMA = YES;
				CLANG_WARN_CONSTANT_CONVERSION = YES;
				CLANG_WARN_DEPRECATED_OBJC_IMPLEMENTATIONS = YES;
				CLANG_WARN_DIRECT_OBJC_ISA_USAGE = YES_ERROR;
				CLANG_WARN_DOCUMENTATION_COMMENTS = YES;
				CLANG_WARN_EMPTY_BODY = YES;
				CLANG_WARN_ENUM_CONVERSION = YES;
				CLANG_WARN_INFINITE_RECURSION = YES;
				CLANG_WARN_INT_CONVERSION = YES;
				CLANG_WARN_NON_LITERAL_NULL_CONVERSION = YES;
				CLANG_WARN_OBJC_IMPLICIT_RETAIN_SELF = YES;
				CLANG_WARN_OBJC_LITERAL_CONVERSION = YES;
				CLANG_WARN_OBJC_ROOT_CLASS = YES_ERROR;
				CLANG_WARN_QUOTED_INCLUDE_IN_FRAMEWORK_HEADER = YES;
				CLANG_WARN_RANGE_LOOP_ANALYSIS = YES;
				CLANG_WARN_STRICT_PROTOTYPES = YES;
				CLANG_WARN_SUSPICIOUS_MOVE = YES;
				CLANG_WARN_UNGUARDED_AVAILABILITY = YES_AGGRESSIVE;
				CLANG_WARN_UNREACHABLE_CODE = YES;
				CLANG_WARN__DUPLICATE_METHOD_MATCH = YES;
				COPY_PHASE_STRIP = NO;
				DEBUG_INFORMATION_FORMAT = dwarf;
				ENABLE_STRICT_OBJC_MSGSEND = YES;
				ENABLE_TESTABILITY = YES;
				GCC_C_LANGUAGE_STANDARD = gnu11;
				GCC_DYNAMIC_NO_PIC = NO;
				GCC_NO_COMMON_BLOCKS = YES;
				GCC_OPTIMIZATION_LEVEL = 0;
				GCC_PREPROCESSOR_DEFINITIONS = (
					"DEBUG=1",
					"$(inherited)",
				);
				GCC_WARN_64_TO_32_BIT_CONVERSION = YES;
				GCC_WARN_ABOUT_RETURN_TYPE = YES_ERROR;
				GCC_WARN_UNDECLARED_SELECTOR = YES;
				GCC_WARN_UNINITIALIZED_AUTOS = YES_AGGRESSIVE;
				GCC_WARN_UNUSED_FUNCTION = YES;
				GCC_WARN_UNUSED_VARIABLE = YES;
				MACOSX_DEPLOYMENT_TARGET = 11.3;
				MTL_ENABLE_DEBUG_INFO = INCLUDE_SOURCE;
				MTL_FAST_MATH = YES;
				ONLY_ACTIVE_ARCH = YES;
				SDKROOT = macosx;
				SWIFT_ACTIVE_COMPILATION_CONDITIONS = DEBUG;
				SWIFT_OPTIMIZATION_LEVEL = "-Onone";
			};
			name = Debug;
		};
		528D505E2734E0150037B7B9 /* Release */ = {
			isa = XCBuildConfiguration;
			buildSettings = {
				ALWAYS_SEARCH_USER_PATHS = NO;
				CLANG_ANALYZER_NONNULL = YES;
				CLANG_ANALYZER_NUMBER_OBJECT_CONVERSION = YES_AGGRESSIVE;
				CLANG_CXX_LANGUAGE_STANDARD = "gnu++17";
				CLANG_CXX_LIBRARY = "libc++";
				CLANG_ENABLE_MODULES = YES;
				CLANG_ENABLE_OBJC_ARC = YES;
				CLANG_ENABLE_OBJC_WEAK = YES;
				CLANG_WARN_BLOCK_CAPTURE_AUTORELEASING = YES;
				CLANG_WARN_BOOL_CONVERSION = YES;
				CLANG_WARN_COMMA = YES;
				CLANG_WARN_CONSTANT_CONVERSION = YES;
				CLANG_WARN_DEPRECATED_OBJC_IMPLEMENTATIONS = YES;
				CLANG_WARN_DIRECT_OBJC_ISA_USAGE = YES_ERROR;
				CLANG_WARN_DOCUMENTATION_COMMENTS = YES;
				CLANG_WARN_EMPTY_BODY = YES;
				CLANG_WARN_ENUM_CONVERSION = YES;
				CLANG_WARN_INFINITE_RECURSION = YES;
				CLANG_WARN_INT_CONVERSION = YES;
				CLANG_WARN_NON_LITERAL_NULL_CONVERSION = YES;
				CLANG_WARN_OBJC_IMPLICIT_RETAIN_SELF = YES;
				CLANG_WARN_OBJC_LITERAL_CONVERSION = YES;
				CLANG_WARN_OBJC_ROOT_CLASS = YES_ERROR;
				CLANG_WARN_QUOTED_INCLUDE_IN_FRAMEWORK_HEADER = YES;
				CLANG_WARN_RANGE_LOOP_ANALYSIS = YES;
				CLANG_WARN_STRICT_PROTOTYPES = YES;
				CLANG_WARN_SUSPICIOUS_MOVE = YES;
				CLANG_WARN_UNGUARDED_AVAILABILITY = YES_AGGRESSIVE;
				CLANG_WARN_UNREACHABLE_CODE = YES;
				CLANG_WARN__DUPLICATE_METHOD_MATCH = YES;
				COPY_PHASE_STRIP = NO;
				DEBUG_INFORMATION_FORMAT = "dwarf-with-dsym";
				ENABLE_NS_ASSERTIONS = NO;
				ENABLE_STRICT_OBJC_MSGSEND = YES;
				GCC_C_LANGUAGE_STANDARD = gnu11;
				GCC_NO_COMMON_BLOCKS = YES;
				GCC_WARN_64_TO_32_BIT_CONVERSION = YES;
				GCC_WARN_ABOUT_RETURN_TYPE = YES_ERROR;
				GCC_WARN_UNDECLARED_SELECTOR = YES;
				GCC_WARN_UNINITIALIZED_AUTOS = YES_AGGRESSIVE;
				GCC_WARN_UNUSED_FUNCTION = YES;
				GCC_WARN_UNUSED_VARIABLE = YES;
				MACOSX_DEPLOYMENT_TARGET = 11.3;
				MTL_ENABLE_DEBUG_INFO = NO;
				MTL_FAST_MATH = YES;
				SDKROOT = macosx;
				SWIFT_COMPILATION_MODE = wholemodule;
				SWIFT_OPTIMIZATION_LEVEL = "-O";
			};
			name = Release;
		};
		528D50602734E0150037B7B9 /* Debug */ = {
			isa = XCBuildConfiguration;
			buildSettings = {
				CODE_SIGN_IDENTITY = "-";
				CODE_SIGN_STYLE = Automatic;
				DEVELOPMENT_TEAM = A6HM92H898;
				ENABLE_HARDENED_RUNTIME = YES;
				PRODUCT_NAME = "$(TARGET_NAME)";
				SWIFT_VERSION = 5.0;
			};
			name = Debug;
		};
		528D50612734E0150037B7B9 /* Release */ = {
			isa = XCBuildConfiguration;
			buildSettings = {
				CODE_SIGN_IDENTITY = "-";
				CODE_SIGN_STYLE = Automatic;
				DEVELOPMENT_TEAM = A6HM92H898;
				ENABLE_HARDENED_RUNTIME = YES;
				PRODUCT_NAME = "$(TARGET_NAME)";
				SWIFT_VERSION = 5.0;
			};
			name = Release;
		};
		528D506D2734E4510037B7B9 /* Debug */ = {
			isa = XCBuildConfiguration;
			buildSettings = {
				CODE_SIGN_STYLE = Automatic;
				COMBINE_HIDPI_IMAGES = YES;
				CURRENT_PROJECT_VERSION = 1;
				DEVELOPMENT_TEAM = A6HM92H898;
				GENERATE_INFOPLIST_FILE = YES;
				LD_RUNPATH_SEARCH_PATHS = (
					"$(inherited)",
					"@executable_path/../Frameworks",
					"@loader_path/../Frameworks",
				);
				MARKETING_VERSION = 1.0;
				PRODUCT_BUNDLE_IDENTIFIER = com.eddysong.problemTests;
				PRODUCT_NAME = "$(TARGET_NAME)";
				SWIFT_EMIT_LOC_STRINGS = NO;
				SWIFT_VERSION = 5.0;
			};
			name = Debug;
		};
		528D506E2734E4510037B7B9 /* Release */ = {
			isa = XCBuildConfiguration;
			buildSettings = {
				CODE_SIGN_STYLE = Automatic;
				COMBINE_HIDPI_IMAGES = YES;
				CURRENT_PROJECT_VERSION = 1;
				DEVELOPMENT_TEAM = A6HM92H898;
				GENERATE_INFOPLIST_FILE = YES;
				LD_RUNPATH_SEARCH_PATHS = (
					"$(inherited)",
					"@executable_path/../Frameworks",
					"@loader_path/../Frameworks",
				);
				MARKETING_VERSION = 1.0;
				PRODUCT_BUNDLE_IDENTIFIER = com.eddysong.problemTests;
				PRODUCT_NAME = "$(TARGET_NAME)";
				SWIFT_EMIT_LOC_STRINGS = NO;
				SWIFT_VERSION = 5.0;
			};
			name = Release;
		};
/* End XCBuildConfiguration section */

/* Begin XCConfigurationList section */
		528D50532734E0150037B7B9 /* Build configuration list for PBXProject "cocoa-friday-algorithm" */ = {
			isa = XCConfigurationList;
			buildConfigurations = (
				528D505D2734E0150037B7B9 /* Debug */,
				528D505E2734E0150037B7B9 /* Release */,
			);
			defaultConfigurationIsVisible = 0;
			defaultConfigurationName = Release;
		};
		528D505F2734E0150037B7B9 /* Build configuration list for PBXNativeTarget "cocoa-friday-algorithm" */ = {
			isa = XCConfigurationList;
			buildConfigurations = (
				528D50602734E0150037B7B9 /* Debug */,
				528D50612734E0150037B7B9 /* Release */,
			);
			defaultConfigurationIsVisible = 0;
			defaultConfigurationName = Release;
		};
		528D506C2734E4510037B7B9 /* Build configuration list for PBXNativeTarget "problemTests" */ = {
			isa = XCConfigurationList;
			buildConfigurations = (
				528D506D2734E4510037B7B9 /* Debug */,
				528D506E2734E4510037B7B9 /* Release */,
			);
			defaultConfigurationIsVisible = 0;
			defaultConfigurationName = Release;
		};
/* End XCConfigurationList section */
	};
	rootObject = 528D50502734E0150037B7B9 /* Project object */;
}
