// !$*UTF8*$!
{
	archiveVersion = 1;
	classes = {
	};
	objectVersion = 55;
	objects = {

/* Begin PBXBuildFile section */
		BC3D4A1B27FDB573009B37FB /* 양궁대회.swift in Sources */ = {isa = PBXBuildFile; fileRef = BC3D4A1A27FDB573009B37FB /* 양궁대회.swift */; };
		BC3D4A1C27FDB573009B37FB /* 양궁대회.swift in Sources */ = {isa = PBXBuildFile; fileRef = BC3D4A1A27FDB573009B37FB /* 양궁대회.swift */; };
		BC3D4A1E27FDC01F009B37FB /* AlgoTests.swift in Sources */ = {isa = PBXBuildFile; fileRef = BC3D4A1D27FDC01F009B37FB /* AlgoTests.swift */; };
		BC3D4A2227FEC134009B37FB /* targetNumber.swift in Sources */ = {isa = PBXBuildFile; fileRef = BC3D4A2127FEC134009B37FB /* targetNumber.swift */; };
		BC3D4A2327FEC134009B37FB /* targetNumber.swift in Sources */ = {isa = PBXBuildFile; fileRef = BC3D4A2127FEC134009B37FB /* targetNumber.swift */; };
		BC3D4A2527FEC47A009B37FB /* numOfNetwork.swift in Sources */ = {isa = PBXBuildFile; fileRef = BC3D4A2427FEC47A009B37FB /* numOfNetwork.swift */; };
		BC3D4A2627FEC47A009B37FB /* numOfNetwork.swift in Sources */ = {isa = PBXBuildFile; fileRef = BC3D4A2427FEC47A009B37FB /* numOfNetwork.swift */; };
		BC3D4A2827FECC4A009B37FB /* wordChange.swift in Sources */ = {isa = PBXBuildFile; fileRef = BC3D4A2727FECC4A009B37FB /* wordChange.swift */; };
		BC3D4A2927FECC4A009B37FB /* wordChange.swift in Sources */ = {isa = PBXBuildFile; fileRef = BC3D4A2727FECC4A009B37FB /* wordChange.swift */; };
		BC4060862805647500E03651 /* ConnectingIslands.swift in Sources */ = {isa = PBXBuildFile; fileRef = BC4060852805647500E03651 /* ConnectingIslands.swift */; };
		BC4060872805647500E03651 /* ConnectingIslands.swift in Sources */ = {isa = PBXBuildFile; fileRef = BC4060852805647500E03651 /* ConnectingIslands.swift */; };
		BC56290527E437F400EF0665 /* main.swift in Sources */ = {isa = PBXBuildFile; fileRef = BC56290427E437F400EF0665 /* main.swift */; };
		BC56291627E438B600EF0665 /* main.swift in Sources */ = {isa = PBXBuildFile; fileRef = BC56290427E437F400EF0665 /* main.swift */; };
		BC56291827E4395000EF0665 /* MaximumSubarray.swift in Sources */ = {isa = PBXBuildFile; fileRef = BC56291727E4395000EF0665 /* MaximumSubarray.swift */; };
		BC56291927E4419100EF0665 /* MaximumSubarray.swift in Sources */ = {isa = PBXBuildFile; fileRef = BC56291727E4395000EF0665 /* MaximumSubarray.swift */; };
		BC56291B27E75EBD00EF0665 /* MergeSortedArray.swift in Sources */ = {isa = PBXBuildFile; fileRef = BC56291A27E75EBD00EF0665 /* MergeSortedArray.swift */; };
		BC56291C27E75EBD00EF0665 /* MergeSortedArray.swift in Sources */ = {isa = PBXBuildFile; fileRef = BC56291A27E75EBD00EF0665 /* MergeSortedArray.swift */; };
		BC9E8DB727EB06C900D65C41 /* IntersectionofTwoArrays2.swift in Sources */ = {isa = PBXBuildFile; fileRef = BC9E8DB627EB06C900D65C41 /* IntersectionofTwoArrays2.swift */; };
		BC9E8DB827EB06C900D65C41 /* IntersectionofTwoArrays2.swift in Sources */ = {isa = PBXBuildFile; fileRef = BC9E8DB627EB06C900D65C41 /* IntersectionofTwoArrays2.swift */; };
		BC9E8DCC27ED5EA600D65C41 /* maxProfit.swift in Sources */ = {isa = PBXBuildFile; fileRef = BC9E8DCB27ED5EA600D65C41 /* maxProfit.swift */; };
		BC9E8DCD27ED5EA600D65C41 /* maxProfit.swift in Sources */ = {isa = PBXBuildFile; fileRef = BC9E8DCB27ED5EA600D65C41 /* maxProfit.swift */; };
		BC9E8DD227EF070C00D65C41 /* mergeSort.swift in Sources */ = {isa = PBXBuildFile; fileRef = BC9E8DD127EF070C00D65C41 /* mergeSort.swift */; };
		BC9E8DD327EF070C00D65C41 /* mergeSort.swift in Sources */ = {isa = PBXBuildFile; fileRef = BC9E8DD127EF070C00D65C41 /* mergeSort.swift */; };
		BC9E8DDA27F0A9D800D65C41 /* Archery.swift in Sources */ = {isa = PBXBuildFile; fileRef = BC9E8DD927F0A9D800D65C41 /* Archery.swift */; };
		BC9E8DF427F1FE9700D65C41 /* ReshapetheMatrix.swift in Sources */ = {isa = PBXBuildFile; fileRef = BC9E8DF327F1FE9700D65C41 /* ReshapetheMatrix.swift */; };
		BC9E8DF527F1FE9900D65C41 /* ReshapetheMatrix.swift in Sources */ = {isa = PBXBuildFile; fileRef = BC9E8DF327F1FE9700D65C41 /* ReshapetheMatrix.swift */; };
		BC9E8E1427F33BFC00D65C41 /* Archery.swift in Sources */ = {isa = PBXBuildFile; fileRef = BC9E8DD927F0A9D800D65C41 /* Archery.swift */; };
		BCAB10B327EA043E000064E2 /* twoSum.swift in Sources */ = {isa = PBXBuildFile; fileRef = BCAB10B227EA043E000064E2 /* twoSum.swift */; };
		BCAB10B427EA0565000064E2 /* twoSum.swift in Sources */ = {isa = PBXBuildFile; fileRef = BCAB10B227EA043E000064E2 /* twoSum.swift */; };
		BCC37299280147A100774933 /* todayHouse.swift in Sources */ = {isa = PBXBuildFile; fileRef = BCC37298280147A100774933 /* todayHouse.swift */; };
		BCC3729A280147A100774933 /* todayHouse.swift in Sources */ = {isa = PBXBuildFile; fileRef = BCC37298280147A100774933 /* todayHouse.swift */; };
		BCC3729C2801570A00774933 /* todayhouse2.swift in Sources */ = {isa = PBXBuildFile; fileRef = BCC3729B2801570A00774933 /* todayhouse2.swift */; };
		BCC3729D2801570A00774933 /* todayhouse2.swift in Sources */ = {isa = PBXBuildFile; fileRef = BCC3729B2801570A00774933 /* todayhouse2.swift */; };
		BCC3729F2803A81300774933 /* everyCity.swift in Sources */ = {isa = PBXBuildFile; fileRef = BCC3729E2803A81300774933 /* everyCity.swift */; };
		BCC372A02803A81300774933 /* everyCity.swift in Sources */ = {isa = PBXBuildFile; fileRef = BCC3729E2803A81300774933 /* everyCity.swift */; };
		BCC663FF27F6D3320078C1E2 /* USADO.swift in Sources */ = {isa = PBXBuildFile; fileRef = BCC663FE27F6D3320078C1E2 /* USADO.swift */; };
		BCC6640227F6D7790078C1E2 /* USADO.swift in Sources */ = {isa = PBXBuildFile; fileRef = BCC663FE27F6D3320078C1E2 /* USADO.swift */; };
		BCC6640427F6E88C0078C1E2 /* bojTemplate.swift in Sources */ = {isa = PBXBuildFile; fileRef = BCC6640327F6E88C0078C1E2 /* bojTemplate.swift */; };
		BCC6640627F815110078C1E2 /* potion.swift in Sources */ = {isa = PBXBuildFile; fileRef = BCC6640527F815110078C1E2 /* potion.swift */; };
		BCC6640727F815110078C1E2 /* potion.swift in Sources */ = {isa = PBXBuildFile; fileRef = BCC6640527F815110078C1E2 /* potion.swift */; };
		BCC6640927F8311C0078C1E2 /* paste.swift in Sources */ = {isa = PBXBuildFile; fileRef = BCC6640827F8311C0078C1E2 /* paste.swift */; };
		BCC6640A27F8311C0078C1E2 /* paste.swift in Sources */ = {isa = PBXBuildFile; fileRef = BCC6640827F8311C0078C1E2 /* paste.swift */; };
		BCC6640D27FA6E210078C1E2 /* CoreAlgorithm.swift in Sources */ = {isa = PBXBuildFile; fileRef = BCC6640C27FA6E210078C1E2 /* CoreAlgorithm.swift */; };
		BCC6640E27FA6E210078C1E2 /* CoreAlgorithm.swift in Sources */ = {isa = PBXBuildFile; fileRef = BCC6640C27FA6E210078C1E2 /* CoreAlgorithm.swift */; };
		BCFE47DF280C5D5100F23DCE /* trainingSuit.swift in Sources */ = {isa = PBXBuildFile; fileRef = BCFE47DE280C5D5100F23DCE /* trainingSuit.swift */; };
		BCFE47E0280C5D5100F23DCE /* trainingSuit.swift in Sources */ = {isa = PBXBuildFile; fileRef = BCFE47DE280C5D5100F23DCE /* trainingSuit.swift */; };
		BCFE47E2280CE57900F23DCE /* getLargeNumber.swift in Sources */ = {isa = PBXBuildFile; fileRef = BCFE47E1280CE57900F23DCE /* getLargeNumber.swift */; };
		BCFE47E3280CE57900F23DCE /* getLargeNumber.swift in Sources */ = {isa = PBXBuildFile; fileRef = BCFE47E1280CE57900F23DCE /* getLargeNumber.swift */; };
		BCFE47E5280D242200F23DCE /* makePrimeNumber.swift in Sources */ = {isa = PBXBuildFile; fileRef = BCFE47E4280D242200F23DCE /* makePrimeNumber.swift */; };
		BCFE47E6280D242200F23DCE /* makePrimeNumber.swift in Sources */ = {isa = PBXBuildFile; fileRef = BCFE47E4280D242200F23DCE /* makePrimeNumber.swift */; };
		BCFE4889280D8AD300F23DCE /* HashTable.swift in Sources */ = {isa = PBXBuildFile; fileRef = BCFE4888280D8AD300F23DCE /* HashTable.swift */; };
		BCFE488A280D8AD300F23DCE /* HashTable.swift in Sources */ = {isa = PBXBuildFile; fileRef = BCFE4888280D8AD300F23DCE /* HashTable.swift */; };
		BCFE488C280E960E00F23DCE /* Subset.swift in Sources */ = {isa = PBXBuildFile; fileRef = BCFE488B280E960E00F23DCE /* Subset.swift */; };
		BCFE488D280E960E00F23DCE /* Subset.swift in Sources */ = {isa = PBXBuildFile; fileRef = BCFE488B280E960E00F23DCE /* Subset.swift */; };
		BCFE48BD2810E08500F23DCE /* Permutation.swift in Sources */ = {isa = PBXBuildFile; fileRef = BCFE48BC2810E08500F23DCE /* Permutation.swift */; };
		BCFE48BE2810E08500F23DCE /* Permutation.swift in Sources */ = {isa = PBXBuildFile; fileRef = BCFE48BC2810E08500F23DCE /* Permutation.swift */; };
/* End PBXBuildFile section */

/* Begin PBXCopyFilesBuildPhase section */
		BC5628FF27E437F400EF0665 /* CopyFiles */ = {
			isa = PBXCopyFilesBuildPhase;
			buildActionMask = 2147483647;
			dstPath = /usr/share/man/man1/;
			dstSubfolderSpec = 0;
			files = (
			);
			runOnlyForDeploymentPostprocessing = 1;
		};
/* End PBXCopyFilesBuildPhase section */

/* Begin PBXFileReference section */
		BC3D4A1A27FDB573009B37FB /* 양궁대회.swift */ = {isa = PBXFileReference; lastKnownFileType = sourcecode.swift; path = "양궁대회.swift"; sourceTree = "<group>"; };
		BC3D4A1D27FDC01F009B37FB /* AlgoTests.swift */ = {isa = PBXFileReference; lastKnownFileType = sourcecode.swift; path = AlgoTests.swift; sourceTree = "<group>"; };
		BC3D4A2127FEC134009B37FB /* targetNumber.swift */ = {isa = PBXFileReference; lastKnownFileType = sourcecode.swift; path = targetNumber.swift; sourceTree = "<group>"; };
		BC3D4A2427FEC47A009B37FB /* numOfNetwork.swift */ = {isa = PBXFileReference; lastKnownFileType = sourcecode.swift; path = numOfNetwork.swift; sourceTree = "<group>"; };
		BC3D4A2727FECC4A009B37FB /* wordChange.swift */ = {isa = PBXFileReference; lastKnownFileType = sourcecode.swift; path = wordChange.swift; sourceTree = "<group>"; };
		BC4060852805647500E03651 /* ConnectingIslands.swift */ = {isa = PBXFileReference; lastKnownFileType = sourcecode.swift; path = ConnectingIslands.swift; sourceTree = "<group>"; };
		BC56290127E437F400EF0665 /* algorithm-season2 */ = {isa = PBXFileReference; explicitFileType = "compiled.mach-o.executable"; includeInIndex = 0; path = "algorithm-season2"; sourceTree = BUILT_PRODUCTS_DIR; };
		BC56290427E437F400EF0665 /* main.swift */ = {isa = PBXFileReference; lastKnownFileType = sourcecode.swift; path = main.swift; sourceTree = "<group>"; };
		BC56290F27E4384200EF0665 /* algorithmTests.xctest */ = {isa = PBXFileReference; explicitFileType = wrapper.cfbundle; includeInIndex = 0; path = algorithmTests.xctest; sourceTree = BUILT_PRODUCTS_DIR; };
		BC56291727E4395000EF0665 /* MaximumSubarray.swift */ = {isa = PBXFileReference; lastKnownFileType = sourcecode.swift; path = MaximumSubarray.swift; sourceTree = "<group>"; };
		BC56291A27E75EBD00EF0665 /* MergeSortedArray.swift */ = {isa = PBXFileReference; lastKnownFileType = sourcecode.swift; path = MergeSortedArray.swift; sourceTree = "<group>"; };
		BC9E8DB627EB06C900D65C41 /* IntersectionofTwoArrays2.swift */ = {isa = PBXFileReference; lastKnownFileType = sourcecode.swift; path = IntersectionofTwoArrays2.swift; sourceTree = "<group>"; };
		BC9E8DCB27ED5EA600D65C41 /* maxProfit.swift */ = {isa = PBXFileReference; lastKnownFileType = sourcecode.swift; path = maxProfit.swift; sourceTree = "<group>"; };
		BC9E8DD127EF070C00D65C41 /* mergeSort.swift */ = {isa = PBXFileReference; lastKnownFileType = sourcecode.swift; path = mergeSort.swift; sourceTree = "<group>"; };
		BC9E8DD927F0A9D800D65C41 /* Archery.swift */ = {isa = PBXFileReference; lastKnownFileType = sourcecode.swift; path = Archery.swift; sourceTree = "<group>"; };
		BC9E8DF327F1FE9700D65C41 /* ReshapetheMatrix.swift */ = {isa = PBXFileReference; lastKnownFileType = sourcecode.swift; path = ReshapetheMatrix.swift; sourceTree = "<group>"; };
		BCAB10B227EA043E000064E2 /* twoSum.swift */ = {isa = PBXFileReference; lastKnownFileType = sourcecode.swift; path = twoSum.swift; sourceTree = "<group>"; };
		BCC37298280147A100774933 /* todayHouse.swift */ = {isa = PBXFileReference; lastKnownFileType = sourcecode.swift; path = todayHouse.swift; sourceTree = "<group>"; };
		BCC3729B2801570A00774933 /* todayhouse2.swift */ = {isa = PBXFileReference; lastKnownFileType = sourcecode.swift; path = todayhouse2.swift; sourceTree = "<group>"; };
		BCC3729E2803A81300774933 /* everyCity.swift */ = {isa = PBXFileReference; lastKnownFileType = sourcecode.swift; path = everyCity.swift; sourceTree = "<group>"; };
		BCC663FE27F6D3320078C1E2 /* USADO.swift */ = {isa = PBXFileReference; lastKnownFileType = sourcecode.swift; path = USADO.swift; sourceTree = "<group>"; };
		BCC6640327F6E88C0078C1E2 /* bojTemplate.swift */ = {isa = PBXFileReference; lastKnownFileType = sourcecode.swift; path = bojTemplate.swift; sourceTree = "<group>"; };
		BCC6640527F815110078C1E2 /* potion.swift */ = {isa = PBXFileReference; lastKnownFileType = sourcecode.swift; path = potion.swift; sourceTree = "<group>"; };
		BCC6640827F8311C0078C1E2 /* paste.swift */ = {isa = PBXFileReference; lastKnownFileType = sourcecode.swift; path = paste.swift; sourceTree = "<group>"; };
		BCC6640C27FA6E210078C1E2 /* CoreAlgorithm.swift */ = {isa = PBXFileReference; lastKnownFileType = sourcecode.swift; path = CoreAlgorithm.swift; sourceTree = "<group>"; };
		BCFE47DE280C5D5100F23DCE /* trainingSuit.swift */ = {isa = PBXFileReference; lastKnownFileType = sourcecode.swift; path = trainingSuit.swift; sourceTree = "<group>"; };
		BCFE47E1280CE57900F23DCE /* getLargeNumber.swift */ = {isa = PBXFileReference; lastKnownFileType = sourcecode.swift; path = getLargeNumber.swift; sourceTree = "<group>"; };
		BCFE47E4280D242200F23DCE /* makePrimeNumber.swift */ = {isa = PBXFileReference; lastKnownFileType = sourcecode.swift; path = makePrimeNumber.swift; sourceTree = "<group>"; };
		BCFE4888280D8AD300F23DCE /* HashTable.swift */ = {isa = PBXFileReference; lastKnownFileType = sourcecode.swift; path = HashTable.swift; sourceTree = "<group>"; };
		BCFE488B280E960E00F23DCE /* Subset.swift */ = {isa = PBXFileReference; lastKnownFileType = sourcecode.swift; path = Subset.swift; sourceTree = "<group>"; };
		BCFE48BC2810E08500F23DCE /* Permutation.swift */ = {isa = PBXFileReference; lastKnownFileType = sourcecode.swift; path = Permutation.swift; sourceTree = "<group>"; };
/* End PBXFileReference section */

/* Begin PBXFrameworksBuildPhase section */
		BC5628FE27E437F400EF0665 /* Frameworks */ = {
			isa = PBXFrameworksBuildPhase;
			buildActionMask = 2147483647;
			files = (
			);
			runOnlyForDeploymentPostprocessing = 0;
		};
		BC56290C27E4384200EF0665 /* Frameworks */ = {
			isa = PBXFrameworksBuildPhase;
			buildActionMask = 2147483647;
			files = (
			);
			runOnlyForDeploymentPostprocessing = 0;
		};
/* End PBXFrameworksBuildPhase section */

/* Begin PBXGroup section */
		BC5628F827E437F400EF0665 = {
			isa = PBXGroup;
			children = (
				BCC6640B27FA672E0078C1E2 /* Core */,
				BC56290327E437F400EF0665 /* algorithm-season2 */,
				BC56291027E4384200EF0665 /* algorithmTests */,
				BC56290227E437F400EF0665 /* Products */,
			);
			sourceTree = "<group>";
		};
		BC56290227E437F400EF0665 /* Products */ = {
			isa = PBXGroup;
			children = (
				BC56290127E437F400EF0665 /* algorithm-season2 */,
				BC56290F27E4384200EF0665 /* algorithmTests.xctest */,
			);
			name = Products;
			sourceTree = "<group>";
		};
		BC56290327E437F400EF0665 /* algorithm-season2 */ = {
			isa = PBXGroup;
			children = (
				BC56290427E437F400EF0665 /* main.swift */,
				BC56291727E4395000EF0665 /* MaximumSubarray.swift */,
				BC56291A27E75EBD00EF0665 /* MergeSortedArray.swift */,
				BCAB10B227EA043E000064E2 /* twoSum.swift */,
				BC9E8DB627EB06C900D65C41 /* IntersectionofTwoArrays2.swift */,
				BC9E8DF327F1FE9700D65C41 /* ReshapetheMatrix.swift */,
				BC9E8DCB27ED5EA600D65C41 /* maxProfit.swift */,
				BC9E8DD127EF070C00D65C41 /* mergeSort.swift */,
				BC9E8DD927F0A9D800D65C41 /* Archery.swift */,
				BCC663FE27F6D3320078C1E2 /* USADO.swift */,
				BCC6640527F815110078C1E2 /* potion.swift */,
				BCC6640827F8311C0078C1E2 /* paste.swift */,
				BCC6640327F6E88C0078C1E2 /* bojTemplate.swift */,
			);
			path = "algorithm-season2";
			sourceTree = "<group>";
		};
		BC56291027E4384200EF0665 /* algorithmTests */ = {
			isa = PBXGroup;
			children = (
				BC3D4A1D27FDC01F009B37FB /* AlgoTests.swift */,
			);
			path = algorithmTests;
			sourceTree = "<group>";
		};
		BCC6640B27FA672E0078C1E2 /* Core */ = {
			isa = PBXGroup;
			children = (
				BCC6640C27FA6E210078C1E2 /* CoreAlgorithm.swift */,
				BC3D4A1A27FDB573009B37FB /* 양궁대회.swift */,
				BC3D4A2127FEC134009B37FB /* targetNumber.swift */,
				BC3D4A2427FEC47A009B37FB /* numOfNetwork.swift */,
				BC3D4A2727FECC4A009B37FB /* wordChange.swift */,
				BCC3729E2803A81300774933 /* everyCity.swift */,
				BC4060852805647500E03651 /* ConnectingIslands.swift */,
				BCFE47DE280C5D5100F23DCE /* trainingSuit.swift */,
				BCC37298280147A100774933 /* todayHouse.swift */,
				BCC3729B2801570A00774933 /* todayhouse2.swift */,
				BCFE47E1280CE57900F23DCE /* getLargeNumber.swift */,
				BCFE47E4280D242200F23DCE /* makePrimeNumber.swift */,
				BCFE48BC2810E08500F23DCE /* Permutation.swift */,
				BCFE4888280D8AD300F23DCE /* HashTable.swift */,
				BCFE488B280E960E00F23DCE /* Subset.swift */,
			);
			path = Core;
			sourceTree = "<group>";
		};
/* End PBXGroup section */

/* Begin PBXNativeTarget section */
		BC56290027E437F400EF0665 /* algorithm-season2 */ = {
			isa = PBXNativeTarget;
			buildConfigurationList = BC56290827E437F400EF0665 /* Build configuration list for PBXNativeTarget "algorithm-season2" */;
			buildPhases = (
				BC5628FD27E437F400EF0665 /* Sources */,
				BC5628FE27E437F400EF0665 /* Frameworks */,
				BC5628FF27E437F400EF0665 /* CopyFiles */,
			);
			buildRules = (
			);
			dependencies = (
			);
			name = "algorithm-season2";
			productName = "algorithm-season2";
			productReference = BC56290127E437F400EF0665 /* algorithm-season2 */;
			productType = "com.apple.product-type.tool";
		};
		BC56290E27E4384200EF0665 /* algorithmTests */ = {
			isa = PBXNativeTarget;
			buildConfigurationList = BC56291327E4384200EF0665 /* Build configuration list for PBXNativeTarget "algorithmTests" */;
			buildPhases = (
				BC56290B27E4384200EF0665 /* Sources */,
				BC56290C27E4384200EF0665 /* Frameworks */,
				BC56290D27E4384200EF0665 /* Resources */,
			);
			buildRules = (
			);
			dependencies = (
			);
			name = algorithmTests;
			productName = algorithmTests;
			productReference = BC56290F27E4384200EF0665 /* algorithmTests.xctest */;
			productType = "com.apple.product-type.bundle.unit-test";
		};
/* End PBXNativeTarget section */

/* Begin PBXProject section */
		BC5628F927E437F400EF0665 /* Project object */ = {
			isa = PBXProject;
			attributes = {
				BuildIndependentTargetsInParallel = 1;
				LastSwiftUpdateCheck = 1320;
				LastUpgradeCheck = 1330;
				TargetAttributes = {
					BC56290027E437F400EF0665 = {
						CreatedOnToolsVersion = 13.2.1;
					};
					BC56290E27E4384200EF0665 = {
						CreatedOnToolsVersion = 13.2.1;
					};
				};
			};
			buildConfigurationList = BC5628FC27E437F400EF0665 /* Build configuration list for PBXProject "algorithm-season2" */;
			compatibilityVersion = "Xcode 13.0";
			developmentRegion = en;
			hasScannedForEncodings = 0;
			knownRegions = (
				en,
				Base,
			);
			mainGroup = BC5628F827E437F400EF0665;
			productRefGroup = BC56290227E437F400EF0665 /* Products */;
			projectDirPath = "";
			projectRoot = "";
			targets = (
				BC56290027E437F400EF0665 /* algorithm-season2 */,
				BC56290E27E4384200EF0665 /* algorithmTests */,
			);
		};
/* End PBXProject section */

/* Begin PBXResourcesBuildPhase section */
		BC56290D27E4384200EF0665 /* Resources */ = {
			isa = PBXResourcesBuildPhase;
			buildActionMask = 2147483647;
			files = (
			);
			runOnlyForDeploymentPostprocessing = 0;
		};
/* End PBXResourcesBuildPhase section */

/* Begin PBXSourcesBuildPhase section */
		BC5628FD27E437F400EF0665 /* Sources */ = {
			isa = PBXSourcesBuildPhase;
			buildActionMask = 2147483647;
			files = (
				BCFE48BD2810E08500F23DCE /* Permutation.swift in Sources */,
				BC56290527E437F400EF0665 /* main.swift in Sources */,
				BCFE47E5280D242200F23DCE /* makePrimeNumber.swift in Sources */,
				BC9E8DDA27F0A9D800D65C41 /* Archery.swift in Sources */,
				BCC37299280147A100774933 /* todayHouse.swift in Sources */,
				BCC3729C2801570A00774933 /* todayhouse2.swift in Sources */,
				BC3D4A2527FEC47A009B37FB /* numOfNetwork.swift in Sources */,
				BC9E8DF427F1FE9700D65C41 /* ReshapetheMatrix.swift in Sources */,
				BCC6640D27FA6E210078C1E2 /* CoreAlgorithm.swift in Sources */,
				BCC3729F2803A81300774933 /* everyCity.swift in Sources */,
				BCC663FF27F6D3320078C1E2 /* USADO.swift in Sources */,
				BC9E8DD227EF070C00D65C41 /* mergeSort.swift in Sources */,
				BC3D4A1B27FDB573009B37FB /* 양궁대회.swift in Sources */,
				BCFE47E2280CE57900F23DCE /* getLargeNumber.swift in Sources */,
				BCC6640627F815110078C1E2 /* potion.swift in Sources */,
				BCFE4889280D8AD300F23DCE /* HashTable.swift in Sources */,
				BCFE47DF280C5D5100F23DCE /* trainingSuit.swift in Sources */,
				BC4060862805647500E03651 /* ConnectingIslands.swift in Sources */,
				BC56291B27E75EBD00EF0665 /* MergeSortedArray.swift in Sources */,
				BC9E8DB727EB06C900D65C41 /* IntersectionofTwoArrays2.swift in Sources */,
				BCAB10B327EA043E000064E2 /* twoSum.swift in Sources */,
				BC9E8DCC27ED5EA600D65C41 /* maxProfit.swift in Sources */,
				BCC6640927F8311C0078C1E2 /* paste.swift in Sources */,
				BCFE488C280E960E00F23DCE /* Subset.swift in Sources */,
				BC3D4A2227FEC134009B37FB /* targetNumber.swift in Sources */,
				BC3D4A2827FECC4A009B37FB /* wordChange.swift in Sources */,
				BC56291827E4395000EF0665 /* MaximumSubarray.swift in Sources */,
				BCC6640427F6E88C0078C1E2 /* bojTemplate.swift in Sources */,
			);
			runOnlyForDeploymentPostprocessing = 0;
		};
		BC56290B27E4384200EF0665 /* Sources */ = {
			isa = PBXSourcesBuildPhase;
			buildActionMask = 2147483647;
			files = (
				BCFE48BE2810E08500F23DCE /* Permutation.swift in Sources */,
				BC3D4A1E27FDC01F009B37FB /* AlgoTests.swift in Sources */,
				BCFE47E6280D242200F23DCE /* makePrimeNumber.swift in Sources */,
				BCC6640727F815110078C1E2 /* potion.swift in Sources */,
				BCC3729A280147A100774933 /* todayHouse.swift in Sources */,
				BCC3729D2801570A00774933 /* todayhouse2.swift in Sources */,
				BC3D4A2627FEC47A009B37FB /* numOfNetwork.swift in Sources */,
				BC9E8E1427F33BFC00D65C41 /* Archery.swift in Sources */,
				BC56291627E438B600EF0665 /* main.swift in Sources */,
				BCC372A02803A81300774933 /* everyCity.swift in Sources */,
				BCC6640A27F8311C0078C1E2 /* paste.swift in Sources */,
				BC9E8DCD27ED5EA600D65C41 /* maxProfit.swift in Sources */,
				BCAB10B427EA0565000064E2 /* twoSum.swift in Sources */,
				BCFE47E3280CE57900F23DCE /* getLargeNumber.swift in Sources */,
				BC3D4A1C27FDB573009B37FB /* 양궁대회.swift in Sources */,
				BCFE488A280D8AD300F23DCE /* HashTable.swift in Sources */,
				BCFE47E0280C5D5100F23DCE /* trainingSuit.swift in Sources */,
				BC4060872805647500E03651 /* ConnectingIslands.swift in Sources */,
				BC56291C27E75EBD00EF0665 /* MergeSortedArray.swift in Sources */,
				BC9E8DB827EB06C900D65C41 /* IntersectionofTwoArrays2.swift in Sources */,
				BC9E8DF527F1FE9900D65C41 /* ReshapetheMatrix.swift in Sources */,
				BCC6640227F6D7790078C1E2 /* USADO.swift in Sources */,
				BC9E8DD327EF070C00D65C41 /* mergeSort.swift in Sources */,
				BCFE488D280E960E00F23DCE /* Subset.swift in Sources */,
				BC3D4A2327FEC134009B37FB /* targetNumber.swift in Sources */,
				BC3D4A2927FECC4A009B37FB /* wordChange.swift in Sources */,
				BCC6640E27FA6E210078C1E2 /* CoreAlgorithm.swift in Sources */,
				BC56291927E4419100EF0665 /* MaximumSubarray.swift in Sources */,
			);
			runOnlyForDeploymentPostprocessing = 0;
		};
/* End PBXSourcesBuildPhase section */

/* Begin XCBuildConfiguration section */
		BC56290627E437F400EF0665 /* Debug */ = {
			isa = XCBuildConfiguration;
			buildSettings = {
				ALWAYS_SEARCH_USER_PATHS = NO;
				CLANG_ANALYZER_NONNULL = YES;
				CLANG_ANALYZER_NUMBER_OBJECT_CONVERSION = YES_AGGRESSIVE;
				CLANG_CXX_LANGUAGE_STANDARD = "gnu++17";
				CLANG_CXX_LIBRARY = "libc++";
				CLANG_ENABLE_MODULES = YES;
				CLANG_ENABLE_OBJC_ARC = YES;
				CLANG_ENABLE_OBJC_WEAK = YES;
				CLANG_WARN_BLOCK_CAPTURE_AUTORELEASING = YES;
				CLANG_WARN_BOOL_CONVERSION = YES;
				CLANG_WARN_COMMA = YES;
				CLANG_WARN_CONSTANT_CONVERSION = YES;
				CLANG_WARN_DEPRECATED_OBJC_IMPLEMENTATIONS = YES;
				CLANG_WARN_DIRECT_OBJC_ISA_USAGE = YES_ERROR;
				CLANG_WARN_DOCUMENTATION_COMMENTS = YES;
				CLANG_WARN_EMPTY_BODY = YES;
				CLANG_WARN_ENUM_CONVERSION = YES;
				CLANG_WARN_INFINITE_RECURSION = YES;
				CLANG_WARN_INT_CONVERSION = YES;
				CLANG_WARN_NON_LITERAL_NULL_CONVERSION = YES;
				CLANG_WARN_OBJC_IMPLICIT_RETAIN_SELF = YES;
				CLANG_WARN_OBJC_LITERAL_CONVERSION = YES;
				CLANG_WARN_OBJC_ROOT_CLASS = YES_ERROR;
				CLANG_WARN_QUOTED_INCLUDE_IN_FRAMEWORK_HEADER = YES;
				CLANG_WARN_RANGE_LOOP_ANALYSIS = YES;
				CLANG_WARN_STRICT_PROTOTYPES = YES;
				CLANG_WARN_SUSPICIOUS_MOVE = YES;
				CLANG_WARN_UNGUARDED_AVAILABILITY = YES_AGGRESSIVE;
				CLANG_WARN_UNREACHABLE_CODE = YES;
				CLANG_WARN__DUPLICATE_METHOD_MATCH = YES;
				COPY_PHASE_STRIP = NO;
				DEBUG_INFORMATION_FORMAT = dwarf;
				ENABLE_STRICT_OBJC_MSGSEND = YES;
				ENABLE_TESTABILITY = YES;
				GCC_C_LANGUAGE_STANDARD = gnu11;
				GCC_DYNAMIC_NO_PIC = NO;
				GCC_NO_COMMON_BLOCKS = YES;
				GCC_OPTIMIZATION_LEVEL = 0;
				GCC_PREPROCESSOR_DEFINITIONS = (
					"DEBUG=1",
					"$(inherited)",
				);
				GCC_WARN_64_TO_32_BIT_CONVERSION = YES;
				GCC_WARN_ABOUT_RETURN_TYPE = YES_ERROR;
				GCC_WARN_UNDECLARED_SELECTOR = YES;
				GCC_WARN_UNINITIALIZED_AUTOS = YES_AGGRESSIVE;
				GCC_WARN_UNUSED_FUNCTION = YES;
				GCC_WARN_UNUSED_VARIABLE = YES;
				MACOSX_DEPLOYMENT_TARGET = 12.0;
				MTL_ENABLE_DEBUG_INFO = INCLUDE_SOURCE;
				MTL_FAST_MATH = YES;
				ONLY_ACTIVE_ARCH = YES;
				SDKROOT = macosx;
				SWIFT_ACTIVE_COMPILATION_CONDITIONS = DEBUG;
				SWIFT_OPTIMIZATION_LEVEL = "-Onone";
			};
			name = Debug;
		};
		BC56290727E437F400EF0665 /* Release */ = {
			isa = XCBuildConfiguration;
			buildSettings = {
				ALWAYS_SEARCH_USER_PATHS = NO;
				CLANG_ANALYZER_NONNULL = YES;
				CLANG_ANALYZER_NUMBER_OBJECT_CONVERSION = YES_AGGRESSIVE;
				CLANG_CXX_LANGUAGE_STANDARD = "gnu++17";
				CLANG_CXX_LIBRARY = "libc++";
				CLANG_ENABLE_MODULES = YES;
				CLANG_ENABLE_OBJC_ARC = YES;
				CLANG_ENABLE_OBJC_WEAK = YES;
				CLANG_WARN_BLOCK_CAPTURE_AUTORELEASING = YES;
				CLANG_WARN_BOOL_CONVERSION = YES;
				CLANG_WARN_COMMA = YES;
				CLANG_WARN_CONSTANT_CONVERSION = YES;
				CLANG_WARN_DEPRECATED_OBJC_IMPLEMENTATIONS = YES;
				CLANG_WARN_DIRECT_OBJC_ISA_USAGE = YES_ERROR;
				CLANG_WARN_DOCUMENTATION_COMMENTS = YES;
				CLANG_WARN_EMPTY_BODY = YES;
				CLANG_WARN_ENUM_CONVERSION = YES;
				CLANG_WARN_INFINITE_RECURSION = YES;
				CLANG_WARN_INT_CONVERSION = YES;
				CLANG_WARN_NON_LITERAL_NULL_CONVERSION = YES;
				CLANG_WARN_OBJC_IMPLICIT_RETAIN_SELF = YES;
				CLANG_WARN_OBJC_LITERAL_CONVERSION = YES;
				CLANG_WARN_OBJC_ROOT_CLASS = YES_ERROR;
				CLANG_WARN_QUOTED_INCLUDE_IN_FRAMEWORK_HEADER = YES;
				CLANG_WARN_RANGE_LOOP_ANALYSIS = YES;
				CLANG_WARN_STRICT_PROTOTYPES = YES;
				CLANG_WARN_SUSPICIOUS_MOVE = YES;
				CLANG_WARN_UNGUARDED_AVAILABILITY = YES_AGGRESSIVE;
				CLANG_WARN_UNREACHABLE_CODE = YES;
				CLANG_WARN__DUPLICATE_METHOD_MATCH = YES;
				COPY_PHASE_STRIP = NO;
				DEBUG_INFORMATION_FORMAT = "dwarf-with-dsym";
				ENABLE_NS_ASSERTIONS = NO;
				ENABLE_STRICT_OBJC_MSGSEND = YES;
				GCC_C_LANGUAGE_STANDARD = gnu11;
				GCC_NO_COMMON_BLOCKS = YES;
				GCC_WARN_64_TO_32_BIT_CONVERSION = YES;
				GCC_WARN_ABOUT_RETURN_TYPE = YES_ERROR;
				GCC_WARN_UNDECLARED_SELECTOR = YES;
				GCC_WARN_UNINITIALIZED_AUTOS = YES_AGGRESSIVE;
				GCC_WARN_UNUSED_FUNCTION = YES;
				GCC_WARN_UNUSED_VARIABLE = YES;
				MACOSX_DEPLOYMENT_TARGET = 12.0;
				MTL_ENABLE_DEBUG_INFO = NO;
				MTL_FAST_MATH = YES;
				SDKROOT = macosx;
				SWIFT_COMPILATION_MODE = wholemodule;
				SWIFT_OPTIMIZATION_LEVEL = "-O";
			};
			name = Release;
		};
		BC56290927E437F400EF0665 /* Debug */ = {
			isa = XCBuildConfiguration;
			buildSettings = {
				CODE_SIGN_IDENTITY = "-";
				CODE_SIGN_STYLE = Automatic;
				DEVELOPMENT_TEAM = A6HM92H898;
				ENABLE_HARDENED_RUNTIME = YES;
				PRODUCT_NAME = "$(TARGET_NAME)";
				SWIFT_VERSION = 5.0;
			};
			name = Debug;
		};
		BC56290A27E437F400EF0665 /* Release */ = {
			isa = XCBuildConfiguration;
			buildSettings = {
				CODE_SIGN_IDENTITY = "-";
				CODE_SIGN_STYLE = Automatic;
				DEVELOPMENT_TEAM = A6HM92H898;
				ENABLE_HARDENED_RUNTIME = YES;
				PRODUCT_NAME = "$(TARGET_NAME)";
				SWIFT_VERSION = 5.0;
			};
			name = Release;
		};
		BC56291427E4384200EF0665 /* Debug */ = {
			isa = XCBuildConfiguration;
			buildSettings = {
				CODE_SIGN_STYLE = Automatic;
				CURRENT_PROJECT_VERSION = 1;
				DEVELOPMENT_TEAM = A6HM92H898;
				GENERATE_INFOPLIST_FILE = YES;
				MARKETING_VERSION = 1.0;
				PRODUCT_BUNDLE_IDENTIFIER = com.eddysong.algorithmTests;
				PRODUCT_NAME = "$(TARGET_NAME)";
				SWIFT_EMIT_LOC_STRINGS = NO;
				SWIFT_VERSION = 5.0;
			};
			name = Debug;
		};
		BC56291527E4384200EF0665 /* Release */ = {
			isa = XCBuildConfiguration;
			buildSettings = {
				CODE_SIGN_STYLE = Automatic;
				CURRENT_PROJECT_VERSION = 1;
				DEVELOPMENT_TEAM = A6HM92H898;
				GENERATE_INFOPLIST_FILE = YES;
				MARKETING_VERSION = 1.0;
				PRODUCT_BUNDLE_IDENTIFIER = com.eddysong.algorithmTests;
				PRODUCT_NAME = "$(TARGET_NAME)";
				SWIFT_EMIT_LOC_STRINGS = NO;
				SWIFT_VERSION = 5.0;
			};
			name = Release;
		};
/* End XCBuildConfiguration section */

/* Begin XCConfigurationList section */
		BC5628FC27E437F400EF0665 /* Build configuration list for PBXProject "algorithm-season2" */ = {
			isa = XCConfigurationList;
			buildConfigurations = (
				BC56290627E437F400EF0665 /* Debug */,
				BC56290727E437F400EF0665 /* Release */,
			);
			defaultConfigurationIsVisible = 0;
			defaultConfigurationName = Release;
		};
		BC56290827E437F400EF0665 /* Build configuration list for PBXNativeTarget "algorithm-season2" */ = {
			isa = XCConfigurationList;
			buildConfigurations = (
				BC56290927E437F400EF0665 /* Debug */,
				BC56290A27E437F400EF0665 /* Release */,
			);
			defaultConfigurationIsVisible = 0;
			defaultConfigurationName = Release;
		};
		BC56291327E4384200EF0665 /* Build configuration list for PBXNativeTarget "algorithmTests" */ = {
			isa = XCConfigurationList;
			buildConfigurations = (
				BC56291427E4384200EF0665 /* Debug */,
				BC56291527E4384200EF0665 /* Release */,
			);
			defaultConfigurationIsVisible = 0;
			defaultConfigurationName = Release;
		};
/* End XCConfigurationList section */
	};
	rootObject = BC5628F927E437F400EF0665 /* Project object */;
}
